// !$*UTF8*$!
{
	archiveVersion = 1;
	classes = {
	};
	objectVersion = 46;
	objects = {

/* Begin PBXBuildFile section */
		6005A6F715210AC600754DFF /* icon144.png in Resources */ = {isa = PBXBuildFile; fileRef = 6005A6F615210AC500754DFF /* icon144.png */; };
		6005A6F915210AC800754DFF /* icon72.png in Resources */ = {isa = PBXBuildFile; fileRef = 6005A6F815210AC700754DFF /* icon72.png */; };
		6005A6FD15210B4A00754DFF /* Default-Landscape~ipad.png in Resources */ = {isa = PBXBuildFile; fileRef = 6005A6FC15210B4A00754DFF /* Default-Landscape~ipad.png */; };
		601088591438A33B008D3D9F /* AVFoundation.framework in Frameworks */ = {isa = PBXBuildFile; fileRef = 601088581438A33B008D3D9F /* AVFoundation.framework */; };
		601088611438A722008D3D9F /* AudioController.m in Sources */ = {isa = PBXBuildFile; fileRef = 601088601438A722008D3D9F /* AudioController.m */; };
		6010886A1438B6D8008D3D9F /* AudioToolbox.framework in Frameworks */ = {isa = PBXBuildFile; fileRef = 601088691438B6D7008D3D9F /* AudioToolbox.framework */; };
		601569EE14933C3A00342FAE /* SetupViewController.m in Sources */ = {isa = PBXBuildFile; fileRef = 601569EC14933C3A00342FAE /* SetupViewController.m */; };
		601569EF14933C3A00342FAE /* SetupViewController.xib in Resources */ = {isa = PBXBuildFile; fileRef = 601569ED14933C3A00342FAE /* SetupViewController.xib */; };
		60257AF514775F7800E3A53F /* FolderChooserViewController.m in Sources */ = {isa = PBXBuildFile; fileRef = 60257AF314775F7800E3A53F /* FolderChooserViewController.m */; };
		60257AF614775F7800E3A53F /* FolderChooserViewController.xib in Resources */ = {isa = PBXBuildFile; fileRef = 60257AF414775F7800E3A53F /* FolderChooserViewController.xib */; };
		6028CF6A148107670033B680 /* AlbumRef.m in Sources */ = {isa = PBXBuildFile; fileRef = 6028CF69148107670033B680 /* AlbumRef.m */; };
		6028CF6D14810B1A0033B680 /* PlaylistPostionGenerator.m in Sources */ = {isa = PBXBuildFile; fileRef = 6028CF6C14810B1A0033B680 /* PlaylistPostionGenerator.m */; };
		602D4C151458834300CB8CF7 /* mixtapes114.png in Resources */ = {isa = PBXBuildFile; fileRef = 602D4C141458834300CB8CF7 /* mixtapes114.png */; };
		602D4C171458836200CB8CF7 /* mixtapes57.png in Resources */ = {isa = PBXBuildFile; fileRef = 602D4C161458836200CB8CF7 /* mixtapes57.png */; };
		6051C0C41439EF8200BD8CBA /* play.png in Resources */ = {isa = PBXBuildFile; fileRef = 6051C0C31439EF8200BD8CBA /* play.png */; };
		6056C17114828F8D002D7358 /* SendSongViewController.m in Sources */ = {isa = PBXBuildFile; fileRef = 6056C16F14828F8C002D7358 /* SendSongViewController.m */; };
		6056C17214828F8D002D7358 /* SendSongViewController.xib in Resources */ = {isa = PBXBuildFile; fileRef = 6056C17014828F8D002D7358 /* SendSongViewController.xib */; };
		606761BF147D655B00623485 /* IDEAS in Resources */ = {isa = PBXBuildFile; fileRef = 606761BE147D655B00623485 /* IDEAS */; };
		606E99D71476936900DB1646 /* Constants.m in Sources */ = {isa = PBXBuildFile; fileRef = 606E99D61476936900DB1646 /* Constants.m */; };
		606E9A0F14774D7E00DB1646 /* LoginViewController.m in Sources */ = {isa = PBXBuildFile; fileRef = 606E9A0D14774D7E00DB1646 /* LoginViewController.m */; };
		606E9A1014774D7E00DB1646 /* LoginViewController.xib in Resources */ = {isa = PBXBuildFile; fileRef = 606E9A0E14774D7E00DB1646 /* LoginViewController.xib */; };
		607D44EF14957C3100CEAF4B /* recommend.png in Resources */ = {isa = PBXBuildFile; fileRef = 607D44EE14957C3100CEAF4B /* recommend.png */; };
		6080869A1434FCDA0029BBC9 /* template.png in Resources */ = {isa = PBXBuildFile; fileRef = 608086991434FCDA0029BBC9 /* template.png */; };
		6080869C143504B30029BBC9 /* loadingbg.png in Resources */ = {isa = PBXBuildFile; fileRef = 6080869B143504B30029BBC9 /* loadingbg.png */; };
		608086CE14352A1C0029BBC9 /* QuartzCore.framework in Frameworks */ = {isa = PBXBuildFile; fileRef = 608086CD14352A1C0029BBC9 /* QuartzCore.framework */; };
		608086D714352C5A0029BBC9 /* ImageIO.framework in Frameworks */ = {isa = PBXBuildFile; fileRef = 608086D614352C5A0029BBC9 /* ImageIO.framework */; };
		608086DA14359E350029BBC9 /* PlaylistTitleLayer.m in Sources */ = {isa = PBXBuildFile; fileRef = 608086D914359E350029BBC9 /* PlaylistTitleLayer.m */; };
		608086E01435AF1C0029BBC9 /* TrackLayer.m in Sources */ = {isa = PBXBuildFile; fileRef = 608086DF1435AF1C0029BBC9 /* TrackLayer.m */; };
		60947ED01434CE36007024CD /* bg.jpg in Resources */ = {isa = PBXBuildFile; fileRef = 60947ECF1434CE36007024CD /* bg.jpg */; };
		60947EDA1434EE2B007024CD /* loading.png in Resources */ = {isa = PBXBuildFile; fileRef = 60947ED91434EE2B007024CD /* loading.png */; };
		6096443C1484ABE100865A4A /* offline_indicator_inactive.png in Resources */ = {isa = PBXBuildFile; fileRef = 6096443A1484ABE100865A4A /* offline_indicator_inactive.png */; };
		6096443D1484ABE100865A4A /* offline_indicator.png in Resources */ = {isa = PBXBuildFile; fileRef = 6096443B1484ABE100865A4A /* offline_indicator.png */; };
		60A19589143C750700EB89C9 /* pause.png in Resources */ = {isa = PBXBuildFile; fileRef = 60A19588143C750700EB89C9 /* pause.png */; };
		60A1958E143C977700EB89C9 /* bg2.jpg in Resources */ = {isa = PBXBuildFile; fileRef = 60A1958D143C977700EB89C9 /* bg2.jpg */; };
		60A99FD6143F398E00ED5D11 /* libCocoaLibSpotify.a in Frameworks */ = {isa = PBXBuildFile; fileRef = 60A99FD5143F395D00ED5D11 /* libCocoaLibSpotify.a */; };
		60A99FDB143F3A2100ED5D11 /* SPCircularBuffer.m in Sources */ = {isa = PBXBuildFile; fileRef = 60A99FD8143F3A2100ED5D11 /* SPCircularBuffer.m */; };
		60A99FDC143F3A2100ED5D11 /* SPPlaybackManager.m in Sources */ = {isa = PBXBuildFile; fileRef = 60A99FDA143F3A2100ED5D11 /* SPPlaybackManager.m */; };
		60B1FC1B1434BE530039206C /* UIKit.framework in Frameworks */ = {isa = PBXBuildFile; fileRef = 60B1FC1A1434BE530039206C /* UIKit.framework */; };
		60B1FC1D1434BE530039206C /* Foundation.framework in Frameworks */ = {isa = PBXBuildFile; fileRef = 60B1FC1C1434BE530039206C /* Foundation.framework */; };
		60B1FC1F1434BE530039206C /* CoreGraphics.framework in Frameworks */ = {isa = PBXBuildFile; fileRef = 60B1FC1E1434BE530039206C /* CoreGraphics.framework */; };
		60B1FC251434BE530039206C /* InfoPlist.strings in Resources */ = {isa = PBXBuildFile; fileRef = 60B1FC231434BE530039206C /* InfoPlist.strings */; };
		60B1FC271434BE530039206C /* main.m in Sources */ = {isa = PBXBuildFile; fileRef = 60B1FC261434BE530039206C /* main.m */; };
		60B1FC2B1434BE530039206C /* MixtapeAppDelegate.m in Sources */ = {isa = PBXBuildFile; fileRef = 60B1FC2A1434BE530039206C /* MixtapeAppDelegate.m */; };
		60B1FC2E1434BE530039206C /* MainViewController.m in Sources */ = {isa = PBXBuildFile; fileRef = 60B1FC2D1434BE530039206C /* MainViewController.m */; };
		60B1FC311434BE530039206C /* FlipsideViewController.m in Sources */ = {isa = PBXBuildFile; fileRef = 60B1FC301434BE530039206C /* FlipsideViewController.m */; };
		60B1FC341434BE530039206C /* MainViewController_iPhone.xib in Resources */ = {isa = PBXBuildFile; fileRef = 60B1FC321434BE530039206C /* MainViewController_iPhone.xib */; };
		60B1FC371434BE530039206C /* MainViewController_iPad.xib in Resources */ = {isa = PBXBuildFile; fileRef = 60B1FC351434BE530039206C /* MainViewController_iPad.xib */; };
		60B1FC3A1434BE530039206C /* FlipsideViewController.xib in Resources */ = {isa = PBXBuildFile; fileRef = 60B1FC381434BE530039206C /* FlipsideViewController.xib */; };
		60B1FC7F1434C0340039206C /* SystemConfiguration.framework in Frameworks */ = {isa = PBXBuildFile; fileRef = 60B1FC7E1434C0330039206C /* SystemConfiguration.framework */; };
		60B1FC811434C0B50039206C /* CFNetwork.framework in Frameworks */ = {isa = PBXBuildFile; fileRef = 60B1FC801434C0B50039206C /* CFNetwork.framework */; };
		60BFCF261486A590000EEB24 /* Reachability.m in Sources */ = {isa = PBXBuildFile; fileRef = 60BFCF251486A590000EEB24 /* Reachability.m */; };
		60E39AD3147890C900F848B7 /* SPTrack+Debug.m in Sources */ = {isa = PBXBuildFile; fileRef = 60E39AD2147890C900F848B7 /* SPTrack+Debug.m */; };
		60E600C3143790F00096BBB4 /* LayoutController.m in Sources */ = {isa = PBXBuildFile; fileRef = 60E600C2143790F00096BBB4 /* LayoutController.m */; };
		60EAE09B1495AC15006B55E8 /* star3.png in Resources */ = {isa = PBXBuildFile; fileRef = 60EAE0971495AC15006B55E8 /* star3.png */; };
		60EAE09C1495AC15006B55E8 /* star2.png in Resources */ = {isa = PBXBuildFile; fileRef = 60EAE0981495AC15006B55E8 /* star2.png */; };
		60EAE09D1495AC15006B55E8 /* star1.png in Resources */ = {isa = PBXBuildFile; fileRef = 60EAE0991495AC15006B55E8 /* star1.png */; };
		60EAE09F1495AFD4006B55E8 /* from_starred.png in Resources */ = {isa = PBXBuildFile; fileRef = 60EAE09E1495AFD4006B55E8 /* from_starred.png */; };
		60F0F6971495504800473008 /* mini_ribbon.png in Resources */ = {isa = PBXBuildFile; fileRef = 60F0F6941495504700473008 /* mini_ribbon.png */; };
		60F0F6981495504800473008 /* ribbon.png in Resources */ = {isa = PBXBuildFile; fileRef = 60F0F6951495504700473008 /* ribbon.png */; };
		60F0F6991495504800473008 /* setup-bg.png in Resources */ = {isa = PBXBuildFile; fileRef = 60F0F6961495504800473008 /* setup-bg.png */; };
		60F0F69B149553D700473008 /* star0.png in Resources */ = {isa = PBXBuildFile; fileRef = 60F0F69A149553D700473008 /* star0.png */; };
		60F0F69D1495662000473008 /* from.png in Resources */ = {isa = PBXBuildFile; fileRef = 60F0F69C1495662000473008 /* from.png */; };
		60F0F69F149567EC00473008 /* playlists.png in Resources */ = {isa = PBXBuildFile; fileRef = 60F0F69E149567EC00473008 /* playlists.png */; };
		60F126FC14DF4886007ECFCE /* NSObject+KVOBlocks.m in Sources */ = {isa = PBXBuildFile; fileRef = 60F126FB14DF4886007ECFCE /* NSObject+KVOBlocks.m */; };
		60F8C43F147864DE00DD8D8C /* Settings.bundle in Resources */ = {isa = PBXBuildFile; fileRef = 60F8C43E147864DD00DD8D8C /* Settings.bundle */; };
		60FEBEE714954639005A8BBE /* bottombargreen_pressed.png in Resources */ = {isa = PBXBuildFile; fileRef = 60FEBEE114954639005A8BBE /* bottombargreen_pressed.png */; };
		60FEBEE814954639005A8BBE /* bottombargreen.png in Resources */ = {isa = PBXBuildFile; fileRef = 60FEBEE214954639005A8BBE /* bottombargreen.png */; };
		60FEBEE914954639005A8BBE /* bottombarredfire_pressed.png in Resources */ = {isa = PBXBuildFile; fileRef = 60FEBEE314954639005A8BBE /* bottombarredfire_pressed.png */; };
		60FEBEEA14954639005A8BBE /* bottombarredfire.png in Resources */ = {isa = PBXBuildFile; fileRef = 60FEBEE414954639005A8BBE /* bottombarredfire.png */; };
		60FEBEEB14954639005A8BBE /* bottombarwhite_pressed.png in Resources */ = {isa = PBXBuildFile; fileRef = 60FEBEE514954639005A8BBE /* bottombarwhite_pressed.png */; };
		60FEBEEC14954639005A8BBE /* bottombarwhite.png in Resources */ = {isa = PBXBuildFile; fileRef = 60FEBEE614954639005A8BBE /* bottombarwhite.png */; };
		60FEBEEF14954653005A8BBE /* ORButton.m in Sources */ = {isa = PBXBuildFile; fileRef = 60FEBEEE14954653005A8BBE /* ORButton.m */; };
		60FF822A14A9436E0018553D /* HelpViewController.m in Sources */ = {isa = PBXBuildFile; fileRef = 60FF822814A9436E0018553D /* HelpViewController.m */; };
		60FF822B14A9436E0018553D /* HelpViewController.xib in Resources */ = {isa = PBXBuildFile; fileRef = 60FF822914A9436E0018553D /* HelpViewController.xib */; };
		60FF822F14A945540018553D /* help-bg.png in Resources */ = {isa = PBXBuildFile; fileRef = 60FF822E14A945540018553D /* help-bg.png */; };
		60FF823314A95F000018553D /* help_song.png in Resources */ = {isa = PBXBuildFile; fileRef = 60FF823014A95EFE0018553D /* help_song.png */; };
		60FF823414A95F000018553D /* help_folders.png in Resources */ = {isa = PBXBuildFile; fileRef = 60FF823114A95EFF0018553D /* help_folders.png */; };
		60FF823514A95F000018553D /* help_login.png in Resources */ = {isa = PBXBuildFile; fileRef = 60FF823214A95EFF0018553D /* help_login.png */; };
/* End PBXBuildFile section */

/* Begin PBXContainerItemProxy section */
		601FFEE71463F0EC00450B52 /* PBXContainerItemProxy */ = {
			isa = PBXContainerItemProxy;
			containerPortal = 60A99FCD143F395D00ED5D11 /* CocoaLibSpotify iOS Library.xcodeproj */;
			proxyType = 1;
			remoteGlobalIDString = 50AF49DB1439CBFE00E4A5EF;
			remoteInfo = CocoaLibSpotify;
		};
		60A99FD4143F395D00ED5D11 /* PBXContainerItemProxy */ = {
			isa = PBXContainerItemProxy;
			containerPortal = 60A99FCD143F395D00ED5D11 /* CocoaLibSpotify iOS Library.xcodeproj */;
			proxyType = 2;
			remoteGlobalIDString = 50AF49DC1439CBFE00E4A5EF;
			remoteInfo = CocoaLibSpotify;
		};
/* End PBXContainerItemProxy section */

/* Begin PBXFileReference section */
		6005A6F615210AC500754DFF /* icon144.png */ = {isa = PBXFileReference; lastKnownFileType = image.png; name = icon144.png; path = ../../icon144.png; sourceTree = "<group>"; };
		6005A6F815210AC700754DFF /* icon72.png */ = {isa = PBXFileReference; lastKnownFileType = image.png; name = icon72.png; path = ../../icon72.png; sourceTree = "<group>"; };
		6005A6FC15210B4A00754DFF /* Default-Landscape~ipad.png */ = {isa = PBXFileReference; lastKnownFileType = image.png; path = "Default-Landscape~ipad.png"; sourceTree = "<group>"; };
		601088581438A33B008D3D9F /* AVFoundation.framework */ = {isa = PBXFileReference; lastKnownFileType = wrapper.framework; name = AVFoundation.framework; path = System/Library/Frameworks/AVFoundation.framework; sourceTree = SDKROOT; };
		6010885F1438A722008D3D9F /* AudioController.h */ = {isa = PBXFileReference; fileEncoding = 4; lastKnownFileType = sourcecode.c.h; path = AudioController.h; sourceTree = "<group>"; };
		601088601438A722008D3D9F /* AudioController.m */ = {isa = PBXFileReference; fileEncoding = 4; lastKnownFileType = sourcecode.c.objc; path = AudioController.m; sourceTree = "<group>"; };
		601088691438B6D7008D3D9F /* AudioToolbox.framework */ = {isa = PBXFileReference; lastKnownFileType = wrapper.framework; name = AudioToolbox.framework; path = System/Library/Frameworks/AudioToolbox.framework; sourceTree = SDKROOT; };
		6010886B1438E529008D3D9F /* SettingsExample.h */ = {isa = PBXFileReference; fileEncoding = 4; lastKnownFileType = sourcecode.c.h; path = SettingsExample.h; sourceTree = "<group>"; };
		601569EB14933C3A00342FAE /* SetupViewController.h */ = {isa = PBXFileReference; fileEncoding = 4; lastKnownFileType = sourcecode.c.h; name = SetupViewController.h; path = ViewControllers/SetupViewController.h; sourceTree = "<group>"; };
		601569EC14933C3A00342FAE /* SetupViewController.m */ = {isa = PBXFileReference; fileEncoding = 4; lastKnownFileType = sourcecode.c.objc; name = SetupViewController.m; path = ViewControllers/SetupViewController.m; sourceTree = "<group>"; };
		601569ED14933C3A00342FAE /* SetupViewController.xib */ = {isa = PBXFileReference; fileEncoding = 4; lastKnownFileType = file.xib; name = SetupViewController.xib; path = ViewControllers/SetupViewController.xib; sourceTree = "<group>"; };
		60257AF214775F7800E3A53F /* FolderChooserViewController.h */ = {isa = PBXFileReference; fileEncoding = 4; lastKnownFileType = sourcecode.c.h; name = FolderChooserViewController.h; path = ViewControllers/FolderChooserViewController.h; sourceTree = "<group>"; };
		60257AF314775F7800E3A53F /* FolderChooserViewController.m */ = {isa = PBXFileReference; fileEncoding = 4; lastKnownFileType = sourcecode.c.objc; name = FolderChooserViewController.m; path = ViewControllers/FolderChooserViewController.m; sourceTree = "<group>"; };
		60257AF414775F7800E3A53F /* FolderChooserViewController.xib */ = {isa = PBXFileReference; fileEncoding = 4; lastKnownFileType = file.xib; name = FolderChooserViewController.xib; path = ViewControllers/FolderChooserViewController.xib; sourceTree = "<group>"; };
		6028CF68148107670033B680 /* AlbumRef.h */ = {isa = PBXFileReference; fileEncoding = 4; lastKnownFileType = sourcecode.c.h; name = AlbumRef.h; path = ../models/AlbumRef.h; sourceTree = "<group>"; };
		6028CF69148107670033B680 /* AlbumRef.m */ = {isa = PBXFileReference; fileEncoding = 4; lastKnownFileType = sourcecode.c.objc; name = AlbumRef.m; path = ../models/AlbumRef.m; sourceTree = "<group>"; };
		6028CF6B14810B1A0033B680 /* PlaylistPostionGenerator.h */ = {isa = PBXFileReference; fileEncoding = 4; lastKnownFileType = sourcecode.c.h; path = PlaylistPostionGenerator.h; sourceTree = "<group>"; };
		6028CF6C14810B1A0033B680 /* PlaylistPostionGenerator.m */ = {isa = PBXFileReference; fileEncoding = 4; lastKnownFileType = sourcecode.c.objc; path = PlaylistPostionGenerator.m; sourceTree = "<group>"; };
		602D4C141458834300CB8CF7 /* mixtapes114.png */ = {isa = PBXFileReference; lastKnownFileType = image.png; name = mixtapes114.png; path = ../../mixtapes114.png; sourceTree = "<group>"; };
		602D4C161458836200CB8CF7 /* mixtapes57.png */ = {isa = PBXFileReference; lastKnownFileType = image.png; name = mixtapes57.png; path = ../../mixtapes57.png; sourceTree = "<group>"; };
		6051C0C31439EF8200BD8CBA /* play.png */ = {isa = PBXFileReference; lastKnownFileType = image.png; name = play.png; path = ../play.png; sourceTree = "<group>"; };
		6056C16E14828F8C002D7358 /* SendSongViewController.h */ = {isa = PBXFileReference; fileEncoding = 4; lastKnownFileType = sourcecode.c.h; name = SendSongViewController.h; path = ViewControllers/SendSongViewController.h; sourceTree = "<group>"; };
		6056C16F14828F8C002D7358 /* SendSongViewController.m */ = {isa = PBXFileReference; fileEncoding = 4; lastKnownFileType = sourcecode.c.objc; name = SendSongViewController.m; path = ViewControllers/SendSongViewController.m; sourceTree = "<group>"; };
		6056C17014828F8D002D7358 /* SendSongViewController.xib */ = {isa = PBXFileReference; fileEncoding = 4; lastKnownFileType = file.xib; name = SendSongViewController.xib; path = ViewControllers/SendSongViewController.xib; sourceTree = "<group>"; };
		606761BE147D655B00623485 /* IDEAS */ = {isa = PBXFileReference; fileEncoding = 4; lastKnownFileType = text; path = IDEAS; sourceTree = "<group>"; };
		606E99D51476936900DB1646 /* Constants.h */ = {isa = PBXFileReference; fileEncoding = 4; lastKnownFileType = sourcecode.c.h; name = Constants.h; path = Constants/Constants.h; sourceTree = "<group>"; };
		606E99D61476936900DB1646 /* Constants.m */ = {isa = PBXFileReference; fileEncoding = 4; lastKnownFileType = sourcecode.c.objc; name = Constants.m; path = Constants/Constants.m; sourceTree = "<group>"; };
		606E9A0C14774D7E00DB1646 /* LoginViewController.h */ = {isa = PBXFileReference; fileEncoding = 4; lastKnownFileType = sourcecode.c.h; name = LoginViewController.h; path = ViewControllers/LoginViewController.h; sourceTree = "<group>"; };
		606E9A0D14774D7E00DB1646 /* LoginViewController.m */ = {isa = PBXFileReference; fileEncoding = 4; lastKnownFileType = sourcecode.c.objc; name = LoginViewController.m; path = ViewControllers/LoginViewController.m; sourceTree = "<group>"; };
		606E9A0E14774D7E00DB1646 /* LoginViewController.xib */ = {isa = PBXFileReference; fileEncoding = 4; lastKnownFileType = file.xib; name = LoginViewController.xib; path = ViewControllers/LoginViewController.xib; sourceTree = "<group>"; };
		607D44EE14957C3100CEAF4B /* recommend.png */ = {isa = PBXFileReference; lastKnownFileType = image.png; path = recommend.png; sourceTree = "<group>"; };
		608086991434FCDA0029BBC9 /* template.png */ = {isa = PBXFileReference; lastKnownFileType = image.png; name = template.png; path = ../template.png; sourceTree = "<group>"; };
		6080869B143504B30029BBC9 /* loadingbg.png */ = {isa = PBXFileReference; lastKnownFileType = image.png; name = loadingbg.png; path = ../loadingbg.png; sourceTree = "<group>"; };
		608086CD14352A1C0029BBC9 /* QuartzCore.framework */ = {isa = PBXFileReference; lastKnownFileType = wrapper.framework; name = QuartzCore.framework; path = System/Library/Frameworks/QuartzCore.framework; sourceTree = SDKROOT; };
		608086D414352C1F0029BBC9 /* CoreImage.framework */ = {isa = PBXFileReference; lastKnownFileType = wrapper.framework; name = CoreImage.framework; path = System/Library/Frameworks/CoreImage.framework; sourceTree = SDKROOT; };
		608086D614352C5A0029BBC9 /* ImageIO.framework */ = {isa = PBXFileReference; lastKnownFileType = wrapper.framework; name = ImageIO.framework; path = System/Library/Frameworks/ImageIO.framework; sourceTree = SDKROOT; };
		608086D814359E340029BBC9 /* PlaylistTitleLayer.h */ = {isa = PBXFileReference; fileEncoding = 4; lastKnownFileType = sourcecode.c.h; name = PlaylistTitleLayer.h; path = views/PlaylistTitleLayer.h; sourceTree = "<group>"; };
		608086D914359E350029BBC9 /* PlaylistTitleLayer.m */ = {isa = PBXFileReference; fileEncoding = 4; lastKnownFileType = sourcecode.c.objc; name = PlaylistTitleLayer.m; path = views/PlaylistTitleLayer.m; sourceTree = "<group>"; };
		608086DE1435AF1C0029BBC9 /* TrackLayer.h */ = {isa = PBXFileReference; fileEncoding = 4; lastKnownFileType = sourcecode.c.h; path = TrackLayer.h; sourceTree = "<group>"; };
		608086DF1435AF1C0029BBC9 /* TrackLayer.m */ = {isa = PBXFileReference; fileEncoding = 4; lastKnownFileType = sourcecode.c.objc; path = TrackLayer.m; sourceTree = "<group>"; };
		60947ECF1434CE36007024CD /* bg.jpg */ = {isa = PBXFileReference; lastKnownFileType = image.jpeg; name = bg.jpg; path = ../bg.jpg; sourceTree = "<group>"; };
		60947ED91434EE2B007024CD /* loading.png */ = {isa = PBXFileReference; lastKnownFileType = image.png; name = loading.png; path = ../loading.png; sourceTree = "<group>"; };
		6096443A1484ABE100865A4A /* offline_indicator_inactive.png */ = {isa = PBXFileReference; lastKnownFileType = image.png; path = offline_indicator_inactive.png; sourceTree = "<group>"; };
		6096443B1484ABE100865A4A /* offline_indicator.png */ = {isa = PBXFileReference; lastKnownFileType = image.png; path = offline_indicator.png; sourceTree = "<group>"; };
		60A19588143C750700EB89C9 /* pause.png */ = {isa = PBXFileReference; lastKnownFileType = image.png; name = pause.png; path = ../pause.png; sourceTree = "<group>"; };
		60A1958D143C977700EB89C9 /* bg2.jpg */ = {isa = PBXFileReference; lastKnownFileType = image.jpeg; name = bg2.jpg; path = ../bg2.jpg; sourceTree = "<group>"; };
		60A99FCD143F395D00ED5D11 /* CocoaLibSpotify iOS Library.xcodeproj */ = {isa = PBXFileReference; lastKnownFileType = "wrapper.pb-project"; name = "CocoaLibSpotify iOS Library.xcodeproj"; path = "vendor/cocoalibspotify/iOS Library/CocoaLibSpotify iOS Library.xcodeproj"; sourceTree = "<group>"; };
		60A99FD7143F3A2100ED5D11 /* SPCircularBuffer.h */ = {isa = PBXFileReference; fileEncoding = 4; lastKnownFileType = sourcecode.c.h; name = SPCircularBuffer.h; path = "cocoalibspotify/Playback Helper Classes/SPCircularBuffer.h"; sourceTree = "<group>"; };
		60A99FD8143F3A2100ED5D11 /* SPCircularBuffer.m */ = {isa = PBXFileReference; fileEncoding = 4; lastKnownFileType = sourcecode.c.objc; name = SPCircularBuffer.m; path = "cocoalibspotify/Playback Helper Classes/SPCircularBuffer.m"; sourceTree = "<group>"; };
		60A99FD9143F3A2100ED5D11 /* SPPlaybackManager.h */ = {isa = PBXFileReference; fileEncoding = 4; lastKnownFileType = sourcecode.c.h; name = SPPlaybackManager.h; path = "cocoalibspotify/Playback Helper Classes/SPPlaybackManager.h"; sourceTree = "<group>"; };
		60A99FDA143F3A2100ED5D11 /* SPPlaybackManager.m */ = {isa = PBXFileReference; fileEncoding = 4; lastKnownFileType = sourcecode.c.objc; name = SPPlaybackManager.m; path = "cocoalibspotify/Playback Helper Classes/SPPlaybackManager.m"; sourceTree = "<group>"; };
		60B1FC161434BE530039206C /* Mixtapes.app */ = {isa = PBXFileReference; explicitFileType = wrapper.application; includeInIndex = 0; path = Mixtapes.app; sourceTree = BUILT_PRODUCTS_DIR; };
		60B1FC1A1434BE530039206C /* UIKit.framework */ = {isa = PBXFileReference; lastKnownFileType = wrapper.framework; name = UIKit.framework; path = System/Library/Frameworks/UIKit.framework; sourceTree = SDKROOT; };
		60B1FC1C1434BE530039206C /* Foundation.framework */ = {isa = PBXFileReference; lastKnownFileType = wrapper.framework; name = Foundation.framework; path = System/Library/Frameworks/Foundation.framework; sourceTree = SDKROOT; };
		60B1FC1E1434BE530039206C /* CoreGraphics.framework */ = {isa = PBXFileReference; lastKnownFileType = wrapper.framework; name = CoreGraphics.framework; path = System/Library/Frameworks/CoreGraphics.framework; sourceTree = SDKROOT; };
		60B1FC221434BE530039206C /* Mixtape-Info.plist */ = {isa = PBXFileReference; lastKnownFileType = text.plist.xml; path = "Mixtape-Info.plist"; sourceTree = "<group>"; };
		60B1FC241434BE530039206C /* en */ = {isa = PBXFileReference; lastKnownFileType = text.plist.strings; name = en; path = en.lproj/InfoPlist.strings; sourceTree = "<group>"; };
		60B1FC261434BE530039206C /* main.m */ = {isa = PBXFileReference; lastKnownFileType = sourcecode.c.objc; path = main.m; sourceTree = "<group>"; };
		60B1FC281434BE530039206C /* Mixtapes-Prefix.pch */ = {isa = PBXFileReference; lastKnownFileType = sourcecode.c.h; path = "Mixtapes-Prefix.pch"; sourceTree = "<group>"; };
		60B1FC291434BE530039206C /* MixtapeAppDelegate.h */ = {isa = PBXFileReference; lastKnownFileType = sourcecode.c.h; path = MixtapeAppDelegate.h; sourceTree = "<group>"; };
		60B1FC2A1434BE530039206C /* MixtapeAppDelegate.m */ = {isa = PBXFileReference; lastKnownFileType = sourcecode.c.objc; path = MixtapeAppDelegate.m; sourceTree = "<group>"; };
		60B1FC2C1434BE530039206C /* MainViewController.h */ = {isa = PBXFileReference; lastKnownFileType = sourcecode.c.h; path = MainViewController.h; sourceTree = "<group>"; };
		60B1FC2D1434BE530039206C /* MainViewController.m */ = {isa = PBXFileReference; lastKnownFileType = sourcecode.c.objc; path = MainViewController.m; sourceTree = "<group>"; };
		60B1FC2F1434BE530039206C /* FlipsideViewController.h */ = {isa = PBXFileReference; lastKnownFileType = sourcecode.c.h; path = FlipsideViewController.h; sourceTree = "<group>"; };
		60B1FC301434BE530039206C /* FlipsideViewController.m */ = {isa = PBXFileReference; lastKnownFileType = sourcecode.c.objc; path = FlipsideViewController.m; sourceTree = "<group>"; };
		60B1FC331434BE530039206C /* en */ = {isa = PBXFileReference; lastKnownFileType = file.xib; name = en; path = en.lproj/MainViewController_iPhone.xib; sourceTree = "<group>"; };
		60B1FC361434BE530039206C /* en */ = {isa = PBXFileReference; lastKnownFileType = file.xib; name = en; path = en.lproj/MainViewController_iPad.xib; sourceTree = "<group>"; };
		60B1FC391434BE530039206C /* en */ = {isa = PBXFileReference; lastKnownFileType = file.xib; name = en; path = en.lproj/FlipsideViewController.xib; sourceTree = "<group>"; };
		60B1FC7E1434C0330039206C /* SystemConfiguration.framework */ = {isa = PBXFileReference; lastKnownFileType = wrapper.framework; name = SystemConfiguration.framework; path = System/Library/Frameworks/SystemConfiguration.framework; sourceTree = SDKROOT; };
		60B1FC801434C0B50039206C /* CFNetwork.framework */ = {isa = PBXFileReference; lastKnownFileType = wrapper.framework; name = CFNetwork.framework; path = System/Library/Frameworks/CFNetwork.framework; sourceTree = SDKROOT; };
		60BFCF241486A590000EEB24 /* Reachability.h */ = {isa = PBXFileReference; fileEncoding = 4; lastKnownFileType = sourcecode.c.h; path = Reachability.h; sourceTree = "<group>"; };
		60BFCF251486A590000EEB24 /* Reachability.m */ = {isa = PBXFileReference; fileEncoding = 4; lastKnownFileType = sourcecode.c.objc; path = Reachability.m; sourceTree = "<group>"; };
		60DD0ABD143892B7006C1934 /* Settings.h */ = {isa = PBXFileReference; fileEncoding = 4; lastKnownFileType = sourcecode.c.h; path = Settings.h; sourceTree = "<group>"; };
		60E39AD1147890C900F848B7 /* SPTrack+Debug.h */ = {isa = PBXFileReference; fileEncoding = 4; lastKnownFileType = sourcecode.c.h; path = "SPTrack+Debug.h"; sourceTree = "<group>"; };
		60E39AD2147890C900F848B7 /* SPTrack+Debug.m */ = {isa = PBXFileReference; fileEncoding = 4; lastKnownFileType = sourcecode.c.objc; path = "SPTrack+Debug.m"; sourceTree = "<group>"; };
		60E600C1143790F00096BBB4 /* LayoutController.h */ = {isa = PBXFileReference; fileEncoding = 4; lastKnownFileType = sourcecode.c.h; path = LayoutController.h; sourceTree = "<group>"; };
		60E600C2143790F00096BBB4 /* LayoutController.m */ = {isa = PBXFileReference; fileEncoding = 4; lastKnownFileType = sourcecode.c.objc; path = LayoutController.m; sourceTree = "<group>"; };
		60EAE0971495AC15006B55E8 /* star3.png */ = {isa = PBXFileReference; lastKnownFileType = image.png; path = star3.png; sourceTree = "<group>"; };
		60EAE0981495AC15006B55E8 /* star2.png */ = {isa = PBXFileReference; lastKnownFileType = image.png; path = star2.png; sourceTree = "<group>"; };
		60EAE0991495AC15006B55E8 /* star1.png */ = {isa = PBXFileReference; lastKnownFileType = image.png; path = star1.png; sourceTree = "<group>"; };
		60EAE09E1495AFD4006B55E8 /* from_starred.png */ = {isa = PBXFileReference; lastKnownFileType = image.png; path = from_starred.png; sourceTree = "<group>"; };
		60F0F6941495504700473008 /* mini_ribbon.png */ = {isa = PBXFileReference; lastKnownFileType = image.png; path = mini_ribbon.png; sourceTree = "<group>"; };
		60F0F6951495504700473008 /* ribbon.png */ = {isa = PBXFileReference; lastKnownFileType = image.png; path = ribbon.png; sourceTree = "<group>"; };
		60F0F6961495504800473008 /* setup-bg.png */ = {isa = PBXFileReference; lastKnownFileType = image.png; path = "setup-bg.png"; sourceTree = "<group>"; };
		60F0F69A149553D700473008 /* star0.png */ = {isa = PBXFileReference; lastKnownFileType = image.png; path = star0.png; sourceTree = "<group>"; };
		60F0F69C1495662000473008 /* from.png */ = {isa = PBXFileReference; lastKnownFileType = image.png; path = from.png; sourceTree = "<group>"; };
		60F0F69E149567EC00473008 /* playlists.png */ = {isa = PBXFileReference; lastKnownFileType = image.png; path = playlists.png; sourceTree = "<group>"; };
		60F126FA14DF4886007ECFCE /* NSObject+KVOBlocks.h */ = {isa = PBXFileReference; fileEncoding = 4; lastKnownFileType = sourcecode.c.h; name = "NSObject+KVOBlocks.h"; path = "utils/NSObject+KVOBlocks.h"; sourceTree = "<group>"; };
		60F126FB14DF4886007ECFCE /* NSObject+KVOBlocks.m */ = {isa = PBXFileReference; fileEncoding = 4; lastKnownFileType = sourcecode.c.objc; name = "NSObject+KVOBlocks.m"; path = "utils/NSObject+KVOBlocks.m"; sourceTree = "<group>"; };
		60F8C43E147864DD00DD8D8C /* Settings.bundle */ = {isa = PBXFileReference; lastKnownFileType = "wrapper.plug-in"; name = Settings.bundle; path = Resources/Settings.bundle; sourceTree = "<group>"; };
		60FEBEE114954639005A8BBE /* bottombargreen_pressed.png */ = {isa = PBXFileReference; lastKnownFileType = image.png; path = bottombargreen_pressed.png; sourceTree = "<group>"; };
		60FEBEE214954639005A8BBE /* bottombargreen.png */ = {isa = PBXFileReference; lastKnownFileType = image.png; path = bottombargreen.png; sourceTree = "<group>"; };
		60FEBEE314954639005A8BBE /* bottombarredfire_pressed.png */ = {isa = PBXFileReference; lastKnownFileType = image.png; path = bottombarredfire_pressed.png; sourceTree = "<group>"; };
		60FEBEE414954639005A8BBE /* bottombarredfire.png */ = {isa = PBXFileReference; lastKnownFileType = image.png; path = bottombarredfire.png; sourceTree = "<group>"; };
		60FEBEE514954639005A8BBE /* bottombarwhite_pressed.png */ = {isa = PBXFileReference; lastKnownFileType = image.png; path = bottombarwhite_pressed.png; sourceTree = "<group>"; };
		60FEBEE614954639005A8BBE /* bottombarwhite.png */ = {isa = PBXFileReference; lastKnownFileType = image.png; path = bottombarwhite.png; sourceTree = "<group>"; };
		60FEBEED14954653005A8BBE /* ORButton.h */ = {isa = PBXFileReference; fileEncoding = 4; lastKnownFileType = sourcecode.c.h; name = ORButton.h; path = views/ORButton.h; sourceTree = "<group>"; };
		60FEBEEE14954653005A8BBE /* ORButton.m */ = {isa = PBXFileReference; fileEncoding = 4; lastKnownFileType = sourcecode.c.objc; name = ORButton.m; path = views/ORButton.m; sourceTree = "<group>"; };
		60FF822714A9436D0018553D /* HelpViewController.h */ = {isa = PBXFileReference; fileEncoding = 4; lastKnownFileType = sourcecode.c.h; name = HelpViewController.h; path = ViewControllers/HelpViewController.h; sourceTree = "<group>"; };
		60FF822814A9436E0018553D /* HelpViewController.m */ = {isa = PBXFileReference; fileEncoding = 4; lastKnownFileType = sourcecode.c.objc; name = HelpViewController.m; path = ViewControllers/HelpViewController.m; sourceTree = "<group>"; };
		60FF822914A9436E0018553D /* HelpViewController.xib */ = {isa = PBXFileReference; fileEncoding = 4; lastKnownFileType = file.xib; name = HelpViewController.xib; path = ViewControllers/HelpViewController.xib; sourceTree = "<group>"; };
		60FF822E14A945540018553D /* help-bg.png */ = {isa = PBXFileReference; lastKnownFileType = image.png; path = "help-bg.png"; sourceTree = "<group>"; };
		60FF823014A95EFE0018553D /* help_song.png */ = {isa = PBXFileReference; lastKnownFileType = image.png; path = help_song.png; sourceTree = "<group>"; };
		60FF823114A95EFF0018553D /* help_folders.png */ = {isa = PBXFileReference; lastKnownFileType = image.png; path = help_folders.png; sourceTree = "<group>"; };
		60FF823214A95EFF0018553D /* help_login.png */ = {isa = PBXFileReference; lastKnownFileType = image.png; path = help_login.png; sourceTree = "<group>"; };
/* End PBXFileReference section */

/* Begin PBXFrameworksBuildPhase section */
		60B1FC131434BE530039206C /* Frameworks */ = {
			isa = PBXFrameworksBuildPhase;
			buildActionMask = 2147483647;
			files = (
				601088591438A33B008D3D9F /* AVFoundation.framework in Frameworks */,
				60A99FD6143F398E00ED5D11 /* libCocoaLibSpotify.a in Frameworks */,
				6010886A1438B6D8008D3D9F /* AudioToolbox.framework in Frameworks */,
				608086D714352C5A0029BBC9 /* ImageIO.framework in Frameworks */,
				608086CE14352A1C0029BBC9 /* QuartzCore.framework in Frameworks */,
				60B1FC811434C0B50039206C /* CFNetwork.framework in Frameworks */,
				60B1FC7F1434C0340039206C /* SystemConfiguration.framework in Frameworks */,
				60B1FC1B1434BE530039206C /* UIKit.framework in Frameworks */,
				60B1FC1D1434BE530039206C /* Foundation.framework in Frameworks */,
				60B1FC1F1434BE530039206C /* CoreGraphics.framework in Frameworks */,
			);
			runOnlyForDeploymentPostprocessing = 0;
		};
/* End PBXFrameworksBuildPhase section */

/* Begin PBXGroup section */
		601088621438A84F008D3D9F /* Spotify Audio */ = {
			isa = PBXGroup;
			children = (
				60A99FD7143F3A2100ED5D11 /* SPCircularBuffer.h */,
				60A99FD8143F3A2100ED5D11 /* SPCircularBuffer.m */,
				60A99FD9143F3A2100ED5D11 /* SPPlaybackManager.h */,
				60A99FDA143F3A2100ED5D11 /* SPPlaybackManager.m */,
			);
			name = "Spotify Audio";
			path = ../vendor;
			sourceTree = "<group>";
		};
		6056C16414827DF9002D7358 /* Models */ = {
			isa = PBXGroup;
			children = (
				6028CF68148107670033B680 /* AlbumRef.h */,
				6028CF69148107670033B680 /* AlbumRef.m */,
			);
			name = Models;
			path = Categories;
			sourceTree = "<group>";
		};
		606E99D81476937200DB1646 /* Util */ = {
			isa = PBXGroup;
			children = (
				60BFCF231486A590000EEB24 /* Reachability */,
				6028CF6B14810B1A0033B680 /* PlaylistPostionGenerator.h */,
				6028CF6C14810B1A0033B680 /* PlaylistPostionGenerator.m */,
				60F126FA14DF4886007ECFCE /* NSObject+KVOBlocks.h */,
				60F126FB14DF4886007ECFCE /* NSObject+KVOBlocks.m */,
			);
			name = Util;
			sourceTree = "<group>";
		};
		606E9A1114774E8C00DB1646 /* Assets */ = {
			isa = PBXGroup;
			children = (
				6005A6F815210AC700754DFF /* icon72.png */,
				6005A6F615210AC500754DFF /* icon144.png */,
				60EAE0951495AC02006B55E8 /* setup */,
				6096443A1484ABE100865A4A /* offline_indicator_inactive.png */,
				6096443B1484ABE100865A4A /* offline_indicator.png */,
				602D4C161458836200CB8CF7 /* mixtapes57.png */,
				602D4C141458834300CB8CF7 /* mixtapes114.png */,
				60A1958D143C977700EB89C9 /* bg2.jpg */,
				60A19588143C750700EB89C9 /* pause.png */,
				6051C0C31439EF8200BD8CBA /* play.png */,
				6080869B143504B30029BBC9 /* loadingbg.png */,
				608086991434FCDA0029BBC9 /* template.png */,
				60947ED91434EE2B007024CD /* loading.png */,
				60947ECF1434CE36007024CD /* bg.jpg */,
				60F0F6941495504700473008 /* mini_ribbon.png */,
				60F0F6951495504700473008 /* ribbon.png */,
				60F0F6961495504800473008 /* setup-bg.png */,
				60FF822E14A945540018553D /* help-bg.png */,
			);
			name = Assets;
			path = Resources;
			sourceTree = "<group>";
		};
		608086DB14359E750029BBC9 /* Views */ = {
			isa = PBXGroup;
			children = (
				608086D814359E340029BBC9 /* PlaylistTitleLayer.h */,
				608086D914359E350029BBC9 /* PlaylistTitleLayer.m */,
				608086DE1435AF1C0029BBC9 /* TrackLayer.h */,
				608086DF1435AF1C0029BBC9 /* TrackLayer.m */,
				60FEBEED14954653005A8BBE /* ORButton.h */,
				60FEBEEE14954653005A8BBE /* ORButton.m */,
			);
			name = Views;
			sourceTree = "<group>";
		};
		608086DC14359E7B0029BBC9 /* Controllers */ = {
			isa = PBXGroup;
			children = (
				60FEBEE01495337C005A8BBE /* Setup */,
				60B1FC291434BE530039206C /* MixtapeAppDelegate.h */,
				60B1FC2A1434BE530039206C /* MixtapeAppDelegate.m */,
				60B1FC2C1434BE530039206C /* MainViewController.h */,
				60B1FC2D1434BE530039206C /* MainViewController.m */,
				60B1FC321434BE530039206C /* MainViewController_iPhone.xib */,
				60B1FC351434BE530039206C /* MainViewController_iPad.xib */,
				60B1FC2F1434BE530039206C /* FlipsideViewController.h */,
				60B1FC301434BE530039206C /* FlipsideViewController.m */,
				60B1FC381434BE530039206C /* FlipsideViewController.xib */,
				60E600C1143790F00096BBB4 /* LayoutController.h */,
				60E600C2143790F00096BBB4 /* LayoutController.m */,
				6010885F1438A722008D3D9F /* AudioController.h */,
				601088601438A722008D3D9F /* AudioController.m */,
				60FF822714A9436D0018553D /* HelpViewController.h */,
				60FF822814A9436E0018553D /* HelpViewController.m */,
				60FF822914A9436E0018553D /* HelpViewController.xib */,
			);
			name = Controllers;
			sourceTree = "<group>";
		};
		608086DD14359E860029BBC9 /* Nibs */ = {
			isa = PBXGroup;
			children = (
			);
			name = Nibs;
			sourceTree = "<group>";
		};
		60A99FCE143F395D00ED5D11 /* Products */ = {
			isa = PBXGroup;
			children = (
				60A99FD5143F395D00ED5D11 /* libCocoaLibSpotify.a */,
			);
			name = Products;
			sourceTree = "<group>";
		};
		60B1FC0B1434BE520039206C = {
			isa = PBXGroup;
			children = (
				6005A6FC15210B4A00754DFF /* Default-Landscape~ipad.png */,
				60B1FC201434BE530039206C /* Mixtape */,
				60B1FC191434BE530039206C /* Frameworks */,
				60B1FC171434BE530039206C /* Products */,
			);
			sourceTree = "<group>";
		};
		60B1FC171434BE530039206C /* Products */ = {
			isa = PBXGroup;
			children = (
				60B1FC161434BE530039206C /* Mixtapes.app */,
			);
			name = Products;
			sourceTree = "<group>";
		};
		60B1FC191434BE530039206C /* Frameworks */ = {
			isa = PBXGroup;
			children = (
				60A99FCD143F395D00ED5D11 /* CocoaLibSpotify iOS Library.xcodeproj */,
				60B1FC801434C0B50039206C /* CFNetwork.framework */,
				601088691438B6D7008D3D9F /* AudioToolbox.framework */,
				608086CD14352A1C0029BBC9 /* QuartzCore.framework */,
				601088581438A33B008D3D9F /* AVFoundation.framework */,
				60B1FC7E1434C0330039206C /* SystemConfiguration.framework */,
				60B1FC1A1434BE530039206C /* UIKit.framework */,
				60B1FC1C1434BE530039206C /* Foundation.framework */,
				60B1FC1E1434BE530039206C /* CoreGraphics.framework */,
				608086D614352C5A0029BBC9 /* ImageIO.framework */,
				608086D414352C1F0029BBC9 /* CoreImage.framework */,
			);
			name = Frameworks;
			sourceTree = "<group>";
		};
		60B1FC201434BE530039206C /* Mixtape */ = {
			isa = PBXGroup;
			children = (
				60DD0ABD143892B7006C1934 /* Settings.h */,
				6010886B1438E529008D3D9F /* SettingsExample.h */,
				606E99D51476936900DB1646 /* Constants.h */,
				606E99D61476936900DB1646 /* Constants.m */,
				606E9A1114774E8C00DB1646 /* Assets */,
				60E39AD0147890A700F848B7 /* Categories */,
				6056C16414827DF9002D7358 /* Models */,
				608086DC14359E7B0029BBC9 /* Controllers */,
				608086DB14359E750029BBC9 /* Views */,
				608086DD14359E860029BBC9 /* Nibs */,
				601088621438A84F008D3D9F /* Spotify Audio */,
				606E99D81476937200DB1646 /* Util */,
				60B1FC211434BE530039206C /* Supporting Files */,
				60F8C43E147864DD00DD8D8C /* Settings.bundle */,
				606761BE147D655B00623485 /* IDEAS */,
			);
			path = Mixtape;
			sourceTree = "<group>";
		};
		60B1FC211434BE530039206C /* Supporting Files */ = {
			isa = PBXGroup;
			children = (
				60B1FC221434BE530039206C /* Mixtape-Info.plist */,
				60B1FC231434BE530039206C /* InfoPlist.strings */,
				60B1FC261434BE530039206C /* main.m */,
				60B1FC281434BE530039206C /* Mixtapes-Prefix.pch */,
			);
			name = "Supporting Files";
			sourceTree = "<group>";
		};
		60BFCF231486A590000EEB24 /* Reachability */ = {
			isa = PBXGroup;
			children = (
				60BFCF241486A590000EEB24 /* Reachability.h */,
				60BFCF251486A590000EEB24 /* Reachability.m */,
			);
			path = Reachability;
			sourceTree = "<group>";
		};
		60E39AD0147890A700F848B7 /* Categories */ = {
			isa = PBXGroup;
			children = (
				60E39AD1147890C900F848B7 /* SPTrack+Debug.h */,
				60E39AD2147890C900F848B7 /* SPTrack+Debug.m */,
			);
			path = Categories;
			sourceTree = "<group>";
		};
		60EAE0951495AC02006B55E8 /* setup */ = {
			isa = PBXGroup;
			children = (
				60FF823014A95EFE0018553D /* help_song.png */,
				60FF823114A95EFF0018553D /* help_folders.png */,
				60FF823214A95EFF0018553D /* help_login.png */,
				60EAE09E1495AFD4006B55E8 /* from_starred.png */,
				60EAE0971495AC15006B55E8 /* star3.png */,
				60EAE0981495AC15006B55E8 /* star2.png */,
				60EAE0991495AC15006B55E8 /* star1.png */,
				60F0F69A149553D700473008 /* star0.png */,
				607D44EE14957C3100CEAF4B /* recommend.png */,
				60F0F69E149567EC00473008 /* playlists.png */,
				60F0F69C1495662000473008 /* from.png */,
				60FEBEE114954639005A8BBE /* bottombargreen_pressed.png */,
				60FEBEE214954639005A8BBE /* bottombargreen.png */,
				60FEBEE314954639005A8BBE /* bottombarredfire_pressed.png */,
				60FEBEE414954639005A8BBE /* bottombarredfire.png */,
				60FEBEE514954639005A8BBE /* bottombarwhite_pressed.png */,
				60FEBEE614954639005A8BBE /* bottombarwhite.png */,
			);
			name = setup;
			sourceTree = "<group>";
		};
		60FEBEE01495337C005A8BBE /* Setup */ = {
			isa = PBXGroup;
			children = (
				606E9A0C14774D7E00DB1646 /* LoginViewController.h */,
				606E9A0D14774D7E00DB1646 /* LoginViewController.m */,
				606E9A0E14774D7E00DB1646 /* LoginViewController.xib */,
				60257AF214775F7800E3A53F /* FolderChooserViewController.h */,
				60257AF314775F7800E3A53F /* FolderChooserViewController.m */,
				60257AF414775F7800E3A53F /* FolderChooserViewController.xib */,
				6056C16E14828F8C002D7358 /* SendSongViewController.h */,
				6056C16F14828F8C002D7358 /* SendSongViewController.m */,
				6056C17014828F8D002D7358 /* SendSongViewController.xib */,
				601569EB14933C3A00342FAE /* SetupViewController.h */,
				601569EC14933C3A00342FAE /* SetupViewController.m */,
				601569ED14933C3A00342FAE /* SetupViewController.xib */,
			);
			name = Setup;
			sourceTree = "<group>";
		};
/* End PBXGroup section */

/* Begin PBXNativeTarget section */
		60B1FC151434BE530039206C /* Mixtapes */ = {
			isa = PBXNativeTarget;
			buildConfigurationList = 60B1FC3D1434BE530039206C /* Build configuration list for PBXNativeTarget "Mixtapes" */;
			buildPhases = (
				60B1FC121434BE530039206C /* Sources */,
				60B1FC131434BE530039206C /* Frameworks */,
				60B1FC141434BE530039206C /* Resources */,
			);
			buildRules = (
			);
			dependencies = (
				601FFEE81463F0EC00450B52 /* PBXTargetDependency */,
			);
			name = Mixtapes;
			productName = Mixtape;
			productReference = 60B1FC161434BE530039206C /* Mixtapes.app */;
			productType = "com.apple.product-type.application";
		};
/* End PBXNativeTarget section */

/* Begin PBXProject section */
		60B1FC0D1434BE520039206C /* Project object */ = {
			isa = PBXProject;
			attributes = {
				LastUpgradeCheck = 0420;
				ORGANIZATIONNAME = "http://ortatherox.com";
			};
			buildConfigurationList = 60B1FC101434BE520039206C /* Build configuration list for PBXProject "Mixtapes" */;
			compatibilityVersion = "Xcode 3.2";
			developmentRegion = English;
			hasScannedForEncodings = 0;
			knownRegions = (
				en,
			);
			mainGroup = 60B1FC0B1434BE520039206C;
			productRefGroup = 60B1FC171434BE530039206C /* Products */;
			projectDirPath = "";
			projectReferences = (
				{
					ProductGroup = 60A99FCE143F395D00ED5D11 /* Products */;
					ProjectRef = 60A99FCD143F395D00ED5D11 /* CocoaLibSpotify iOS Library.xcodeproj */;
				},
			);
			projectRoot = "";
			targets = (
				60B1FC151434BE530039206C /* Mixtapes */,
			);
		};
/* End PBXProject section */

/* Begin PBXReferenceProxy section */
		60A99FD5143F395D00ED5D11 /* libCocoaLibSpotify.a */ = {
			isa = PBXReferenceProxy;
			fileType = archive.ar;
			path = libCocoaLibSpotify.a;
			remoteRef = 60A99FD4143F395D00ED5D11 /* PBXContainerItemProxy */;
			sourceTree = BUILT_PRODUCTS_DIR;
		};
/* End PBXReferenceProxy section */

/* Begin PBXResourcesBuildPhase section */
		60B1FC141434BE530039206C /* Resources */ = {
			isa = PBXResourcesBuildPhase;
			buildActionMask = 2147483647;
			files = (
				60B1FC251434BE530039206C /* InfoPlist.strings in Resources */,
				60B1FC341434BE530039206C /* MainViewController_iPhone.xib in Resources */,
				60B1FC371434BE530039206C /* MainViewController_iPad.xib in Resources */,
				60B1FC3A1434BE530039206C /* FlipsideViewController.xib in Resources */,
				60947ED01434CE36007024CD /* bg.jpg in Resources */,
				60947EDA1434EE2B007024CD /* loading.png in Resources */,
				6080869A1434FCDA0029BBC9 /* template.png in Resources */,
				6080869C143504B30029BBC9 /* loadingbg.png in Resources */,
				6051C0C41439EF8200BD8CBA /* play.png in Resources */,
				60A19589143C750700EB89C9 /* pause.png in Resources */,
				60A1958E143C977700EB89C9 /* bg2.jpg in Resources */,
				602D4C151458834300CB8CF7 /* mixtapes114.png in Resources */,
				602D4C171458836200CB8CF7 /* mixtapes57.png in Resources */,
				606E9A1014774D7E00DB1646 /* LoginViewController.xib in Resources */,
				60257AF614775F7800E3A53F /* FolderChooserViewController.xib in Resources */,
				60F8C43F147864DE00DD8D8C /* Settings.bundle in Resources */,
				606761BF147D655B00623485 /* IDEAS in Resources */,
				6056C17214828F8D002D7358 /* SendSongViewController.xib in Resources */,
				6096443C1484ABE100865A4A /* offline_indicator_inactive.png in Resources */,
				6096443D1484ABE100865A4A /* offline_indicator.png in Resources */,
				601569EF14933C3A00342FAE /* SetupViewController.xib in Resources */,
				60FEBEE714954639005A8BBE /* bottombargreen_pressed.png in Resources */,
				60FEBEE814954639005A8BBE /* bottombargreen.png in Resources */,
				60FEBEE914954639005A8BBE /* bottombarredfire_pressed.png in Resources */,
				60FEBEEA14954639005A8BBE /* bottombarredfire.png in Resources */,
				60FEBEEB14954639005A8BBE /* bottombarwhite_pressed.png in Resources */,
				60FEBEEC14954639005A8BBE /* bottombarwhite.png in Resources */,
				60F0F6971495504800473008 /* mini_ribbon.png in Resources */,
				60F0F6981495504800473008 /* ribbon.png in Resources */,
				60F0F6991495504800473008 /* setup-bg.png in Resources */,
				60F0F69B149553D700473008 /* star0.png in Resources */,
				60F0F69D1495662000473008 /* from.png in Resources */,
				60F0F69F149567EC00473008 /* playlists.png in Resources */,
				607D44EF14957C3100CEAF4B /* recommend.png in Resources */,
				60EAE09B1495AC15006B55E8 /* star3.png in Resources */,
				60EAE09C1495AC15006B55E8 /* star2.png in Resources */,
				60EAE09D1495AC15006B55E8 /* star1.png in Resources */,
				60EAE09F1495AFD4006B55E8 /* from_starred.png in Resources */,
				60FF822B14A9436E0018553D /* HelpViewController.xib in Resources */,
				60FF822F14A945540018553D /* help-bg.png in Resources */,
				60FF823314A95F000018553D /* help_song.png in Resources */,
				60FF823414A95F000018553D /* help_folders.png in Resources */,
				60FF823514A95F000018553D /* help_login.png in Resources */,
				6005A6F715210AC600754DFF /* icon144.png in Resources */,
				6005A6F915210AC800754DFF /* icon72.png in Resources */,
				6005A6FD15210B4A00754DFF /* Default-Landscape~ipad.png in Resources */,
			);
			runOnlyForDeploymentPostprocessing = 0;
		};
/* End PBXResourcesBuildPhase section */

/* Begin PBXSourcesBuildPhase section */
		60B1FC121434BE530039206C /* Sources */ = {
			isa = PBXSourcesBuildPhase;
			buildActionMask = 2147483647;
			files = (
				60B1FC271434BE530039206C /* main.m in Sources */,
				60B1FC2B1434BE530039206C /* MixtapeAppDelegate.m in Sources */,
				60B1FC2E1434BE530039206C /* MainViewController.m in Sources */,
				60B1FC311434BE530039206C /* FlipsideViewController.m in Sources */,
				608086DA14359E350029BBC9 /* PlaylistTitleLayer.m in Sources */,
				608086E01435AF1C0029BBC9 /* TrackLayer.m in Sources */,
				60E600C3143790F00096BBB4 /* LayoutController.m in Sources */,
				601088611438A722008D3D9F /* AudioController.m in Sources */,
				60A99FDB143F3A2100ED5D11 /* SPCircularBuffer.m in Sources */,
				60A99FDC143F3A2100ED5D11 /* SPPlaybackManager.m in Sources */,
				606E99D71476936900DB1646 /* Constants.m in Sources */,
				606E9A0F14774D7E00DB1646 /* LoginViewController.m in Sources */,
				60257AF514775F7800E3A53F /* FolderChooserViewController.m in Sources */,
				60E39AD3147890C900F848B7 /* SPTrack+Debug.m in Sources */,
				6028CF6A148107670033B680 /* AlbumRef.m in Sources */,
				6028CF6D14810B1A0033B680 /* PlaylistPostionGenerator.m in Sources */,
				6056C17114828F8D002D7358 /* SendSongViewController.m in Sources */,
				60BFCF261486A590000EEB24 /* Reachability.m in Sources */,
				601569EE14933C3A00342FAE /* SetupViewController.m in Sources */,
				60FEBEEF14954653005A8BBE /* ORButton.m in Sources */,
				60FF822A14A9436E0018553D /* HelpViewController.m in Sources */,
				60F126FC14DF4886007ECFCE /* NSObject+KVOBlocks.m in Sources */,
			);
			runOnlyForDeploymentPostprocessing = 0;
		};
/* End PBXSourcesBuildPhase section */

/* Begin PBXTargetDependency section */
		601FFEE81463F0EC00450B52 /* PBXTargetDependency */ = {
			isa = PBXTargetDependency;
			name = CocoaLibSpotify;
			targetProxy = 601FFEE71463F0EC00450B52 /* PBXContainerItemProxy */;
		};
/* End PBXTargetDependency section */

/* Begin PBXVariantGroup section */
		60B1FC231434BE530039206C /* InfoPlist.strings */ = {
			isa = PBXVariantGroup;
			children = (
				60B1FC241434BE530039206C /* en */,
			);
			name = InfoPlist.strings;
			sourceTree = "<group>";
		};
		60B1FC321434BE530039206C /* MainViewController_iPhone.xib */ = {
			isa = PBXVariantGroup;
			children = (
				60B1FC331434BE530039206C /* en */,
			);
			name = MainViewController_iPhone.xib;
			sourceTree = "<group>";
		};
		60B1FC351434BE530039206C /* MainViewController_iPad.xib */ = {
			isa = PBXVariantGroup;
			children = (
				60B1FC361434BE530039206C /* en */,
			);
			name = MainViewController_iPad.xib;
			sourceTree = "<group>";
		};
		60B1FC381434BE530039206C /* FlipsideViewController.xib */ = {
			isa = PBXVariantGroup;
			children = (
				60B1FC391434BE530039206C /* en */,
			);
			name = FlipsideViewController.xib;
			sourceTree = "<group>";
		};
/* End PBXVariantGroup section */

/* Begin XCBuildConfiguration section */
		60B1FC3B1434BE530039206C /* Debug */ = {
			isa = XCBuildConfiguration;
			buildSettings = {
				ALWAYS_SEARCH_USER_PATHS = NO;
				ARCHS = armv6;
				CLANG_ENABLE_OBJC_ARC = NO;
				"CODE_SIGN_IDENTITY[sdk=iphoneos*]" = "iPhone Developer";
				COPY_PHASE_STRIP = NO;
				GCC_C_LANGUAGE_STANDARD = gnu99;
				GCC_DYNAMIC_NO_PIC = NO;
				GCC_OPTIMIZATION_LEVEL = 0;
				GCC_PREPROCESSOR_DEFINITIONS = (
					"DEBUG=1",
					"$(inherited)",
				);
				GCC_SYMBOLS_PRIVATE_EXTERN = NO;
				GCC_VERSION = com.apple.compilers.llvm.clang.1_0;
				GCC_WARN_ABOUT_MISSING_PROTOTYPES = YES;
				GCC_WARN_ABOUT_RETURN_TYPE = YES;
				GCC_WARN_UNUSED_VARIABLE = YES;
				IPHONEOS_DEPLOYMENT_TARGET = 4.3;
				OTHER_LDFLAGS = "-lstdc++";
				SDKROOT = iphoneos;
				TARGETED_DEVICE_FAMILY = "1,2";
			};
			name = Debug;
		};
		60B1FC3C1434BE530039206C /* Release */ = {
			isa = XCBuildConfiguration;
			buildSettings = {
				ALWAYS_SEARCH_USER_PATHS = NO;
				ARCHS = armv6;
				CLANG_ENABLE_OBJC_ARC = NO;
				"CODE_SIGN_IDENTITY[sdk=iphoneos*]" = "iPhone Developer";
				COPY_PHASE_STRIP = YES;
				GCC_C_LANGUAGE_STANDARD = gnu99;
				GCC_VERSION = com.apple.compilers.llvm.clang.1_0;
				GCC_WARN_ABOUT_MISSING_PROTOTYPES = YES;
				GCC_WARN_ABOUT_RETURN_TYPE = YES;
				GCC_WARN_UNUSED_VARIABLE = YES;
				IPHONEOS_DEPLOYMENT_TARGET = 4.3;
				OTHER_CFLAGS = "-DNS_BLOCK_ASSERTIONS=1";
				OTHER_LDFLAGS = "-lstdc++";
				SDKROOT = iphoneos;
				TARGETED_DEVICE_FAMILY = "1,2";
				VALIDATE_PRODUCT = NO;
			};
			name = Release;
		};
		60B1FC3E1434BE530039206C /* Debug */ = {
			isa = XCBuildConfiguration;
			buildSettings = {
				ARCHS = "$(ARCHS_STANDARD_32_BIT)";
				CLANG_ENABLE_OBJC_ARC = NO;
				CLANG_WARN_OBJC_IMPLICIT_ATOMIC_PROPERTIES = NO;
				CODE_SIGN_IDENTITY = "iPhone Distribution: Ben Maslen";
				"CODE_SIGN_IDENTITY[sdk=iphoneos*]" = "iPhone Distribution";
				GCC_PRECOMPILE_PREFIX_HEADER = YES;
				GCC_PREFIX_HEADER = "Mixtape/Mixtapes-Prefix.pch";
				GCC_VERSION = com.apple.compilers.llvm.clang.1_0;
				GCC_WARN_FOUR_CHARACTER_CONSTANTS = YES;
				GCC_WARN_HIDDEN_VIRTUAL_FUNCTIONS = YES;
				GCC_WARN_INITIALIZER_NOT_FULLY_BRACKETED = YES;
				GCC_WARN_PEDANTIC = NO;
				GCC_WARN_SHADOW = YES;
				HEADER_SEARCH_PATHS = (
					"$(SRCROOT)/vendor/**",
					"$(SRCROOT)/vendor/cocoalibspotify/iOS\\ Library/libspotify-10.1.16-iOS-universal/libspotify.framework/Versions/10.1.16/Headers/",
				);
				INFOPLIST_FILE = "Mixtape/Mixtape-Info.plist";
				IPHONEOS_DEPLOYMENT_TARGET = 5.0;
				LIBRARY_SEARCH_PATHS = (
					"$(inherited)",
					"\"$(SRCROOT)/vendor/**",
				);
				OTHER_LDFLAGS = (
					"-ObjC",
					"-lstdc++",
				);
				PRODUCT_NAME = Mixtapes;
				PROVISIONING_PROFILE = "F155168C-351D-42DC-971B-6B62F63DF2E9";
				"PROVISIONING_PROFILE[sdk=iphoneos*]" = "";
				TARGETED_DEVICE_FAMILY = 2;
				VALID_ARCHS = "i386 armv7 armv7f armv7k";
				WRAPPER_EXTENSION = app;
			};
			name = Debug;
		};
		60B1FC3F1434BE530039206C /* Release */ = {
			isa = XCBuildConfiguration;
			buildSettings = {
				ARCHS = "$(ARCHS_STANDARD_32_BIT)";
				CLANG_ENABLE_OBJC_ARC = NO;
				CLANG_WARN_OBJC_IMPLICIT_ATOMIC_PROPERTIES = NO;
				CODE_SIGN_IDENTITY = "iPhone Distribution: Ben Maslen";
				"CODE_SIGN_IDENTITY[sdk=iphoneos*]" = "iPhone Distribution";
				GCC_PRECOMPILE_PREFIX_HEADER = YES;
				GCC_PREFIX_HEADER = "Mixtape/Mixtapes-Prefix.pch";
				GCC_VERSION = com.apple.compilers.llvm.clang.1_0;
				GCC_WARN_FOUR_CHARACTER_CONSTANTS = YES;
				GCC_WARN_HIDDEN_VIRTUAL_FUNCTIONS = YES;
				GCC_WARN_INITIALIZER_NOT_FULLY_BRACKETED = YES;
				GCC_WARN_PEDANTIC = NO;
				GCC_WARN_SHADOW = YES;
				HEADER_SEARCH_PATHS = (
					"$(SRCROOT)/vendor/**",
					"$(SRCROOT)/vendor/cocoalibspotify/iOS\\ Library/libspotify-10.1.16-iOS-universal/libspotify.framework/Versions/10.1.16/Headers/",
				);
				INFOPLIST_FILE = "Mixtape/Mixtape-Info.plist";
				IPHONEOS_DEPLOYMENT_TARGET = 5.0;
				LIBRARY_SEARCH_PATHS = (
					"$(inherited)",
					"\"$(SRCROOT)/vendor/**",
				);
				OTHER_LDFLAGS = (
					"-ObjC",
					"-lstdc++",
				);
				PRODUCT_NAME = Mixtapes;
				PROVISIONING_PROFILE = "F155168C-351D-42DC-971B-6B62F63DF2E9";
				"PROVISIONING_PROFILE[sdk=iphoneos*]" = "";
				TARGETED_DEVICE_FAMILY = 2;
				VALID_ARCHS = "i386 armv7 armv7f armv7k";
				WRAPPER_EXTENSION = app;
			};
			name = Release;
		};
/* End XCBuildConfiguration section */

/* Begin XCConfigurationList section */
		60B1FC101434BE520039206C /* Build configuration list for PBXProject "Mixtapes" */ = {
			isa = XCConfigurationList;
			buildConfigurations = (
				60B1FC3B1434BE530039206C /* Debug */,
				60B1FC3C1434BE530039206C /* Release */,
			);
			defaultConfigurationIsVisible = 0;
			defaultConfigurationName = Release;
		};
		60B1FC3D1434BE530039206C /* Build configuration list for PBXNativeTarget "Mixtapes" */ = {
			isa = XCConfigurationList;
			buildConfigurations = (
				60B1FC3E1434BE530039206C /* Debug */,
				60B1FC3F1434BE530039206C /* Release */,
			);
			defaultConfigurationIsVisible = 0;
			defaultConfigurationName = Release;
		};
/* End XCConfigurationList section */
	};
	rootObject = 60B1FC0D1434BE520039206C /* Project object */;
}
