// !$*UTF8*$!
{
	archiveVersion = 1;
	classes = {
	};
	objectVersion = 46;
	objects = {

/* Begin PBXBuildFile section */
		601088591438A33B008D3D9F /* AVFoundation.framework in Frameworks */ = {isa = PBXBuildFile; fileRef = 601088581438A33B008D3D9F /* AVFoundation.framework */; };
		601088611438A722008D3D9F /* AudioController.m in Sources */ = {isa = PBXBuildFile; fileRef = 601088601438A722008D3D9F /* AudioController.m */; };
		6010886A1438B6D8008D3D9F /* AudioToolbox.framework in Frameworks */ = {isa = PBXBuildFile; fileRef = 601088691438B6D7008D3D9F /* AudioToolbox.framework */; };
		60257AF514775F7800E3A53F /* FolderChooserViewController.m in Sources */ = {isa = PBXBuildFile; fileRef = 60257AF314775F7800E3A53F /* FolderChooserViewController.m */; };
		60257AF614775F7800E3A53F /* FolderChooserViewController.xib in Resources */ = {isa = PBXBuildFile; fileRef = 60257AF414775F7800E3A53F /* FolderChooserViewController.xib */; };
		6028CF6A148107670033B680 /* AlbumRef.m in Sources */ = {isa = PBXBuildFile; fileRef = 6028CF69148107670033B680 /* AlbumRef.m */; };
		6028CF6D14810B1A0033B680 /* PlaylistPostionGenerator.m in Sources */ = {isa = PBXBuildFile; fileRef = 6028CF6C14810B1A0033B680 /* PlaylistPostionGenerator.m */; };
		602D4C151458834300CB8CF7 /* mixtapes114.png in Resources */ = {isa = PBXBuildFile; fileRef = 602D4C141458834300CB8CF7 /* mixtapes114.png */; };
		602D4C171458836200CB8CF7 /* mixtapes57.png in Resources */ = {isa = PBXBuildFile; fileRef = 602D4C161458836200CB8CF7 /* mixtapes57.png */; };
		6051C0C41439EF8200BD8CBA /* play.png in Resources */ = {isa = PBXBuildFile; fileRef = 6051C0C31439EF8200BD8CBA /* play.png */; };
		606761BF147D655B00623485 /* IDEAS in Resources */ = {isa = PBXBuildFile; fileRef = 606761BE147D655B00623485 /* IDEAS */; };
		606E99D71476936900DB1646 /* Constants.m in Sources */ = {isa = PBXBuildFile; fileRef = 606E99D61476936900DB1646 /* Constants.m */; };
		606E9A0F14774D7E00DB1646 /* LoginViewController.m in Sources */ = {isa = PBXBuildFile; fileRef = 606E9A0D14774D7E00DB1646 /* LoginViewController.m */; };
		606E9A1014774D7E00DB1646 /* LoginViewController.xib in Resources */ = {isa = PBXBuildFile; fileRef = 606E9A0E14774D7E00DB1646 /* LoginViewController.xib */; };
		606E9A1314774EA500DB1646 /* loginview.png in Resources */ = {isa = PBXBuildFile; fileRef = 606E9A1214774EA500DB1646 /* loginview.png */; };
		606E9A231477593D00DB1646 /* loginbg.jpg in Resources */ = {isa = PBXBuildFile; fileRef = 606E9A221477593D00DB1646 /* loginbg.jpg */; };
		6080869A1434FCDA0029BBC9 /* template.png in Resources */ = {isa = PBXBuildFile; fileRef = 608086991434FCDA0029BBC9 /* template.png */; };
		6080869C143504B30029BBC9 /* loadingbg.png in Resources */ = {isa = PBXBuildFile; fileRef = 6080869B143504B30029BBC9 /* loadingbg.png */; };
		608086CE14352A1C0029BBC9 /* QuartzCore.framework in Frameworks */ = {isa = PBXBuildFile; fileRef = 608086CD14352A1C0029BBC9 /* QuartzCore.framework */; };
		608086D714352C5A0029BBC9 /* ImageIO.framework in Frameworks */ = {isa = PBXBuildFile; fileRef = 608086D614352C5A0029BBC9 /* ImageIO.framework */; };
		608086DA14359E350029BBC9 /* PlaylistTitleLayer.m in Sources */ = {isa = PBXBuildFile; fileRef = 608086D914359E350029BBC9 /* PlaylistTitleLayer.m */; };
		608086E01435AF1C0029BBC9 /* TrackLayer.m in Sources */ = {isa = PBXBuildFile; fileRef = 608086DF1435AF1C0029BBC9 /* TrackLayer.m */; };
		60947ED01434CE36007024CD /* bg.jpg in Resources */ = {isa = PBXBuildFile; fileRef = 60947ECF1434CE36007024CD /* bg.jpg */; };
		60947EDA1434EE2B007024CD /* loading.png in Resources */ = {isa = PBXBuildFile; fileRef = 60947ED91434EE2B007024CD /* loading.png */; };
		60A19589143C750700EB89C9 /* pause.png in Resources */ = {isa = PBXBuildFile; fileRef = 60A19588143C750700EB89C9 /* pause.png */; };
		60A1958E143C977700EB89C9 /* bg2.jpg in Resources */ = {isa = PBXBuildFile; fileRef = 60A1958D143C977700EB89C9 /* bg2.jpg */; };
		60A99FD6143F398E00ED5D11 /* libCocoaLibSpotify.a in Frameworks */ = {isa = PBXBuildFile; fileRef = 60A99FD5143F395D00ED5D11 /* libCocoaLibSpotify.a */; };
		60A99FDB143F3A2100ED5D11 /* SPCircularBuffer.m in Sources */ = {isa = PBXBuildFile; fileRef = 60A99FD8143F3A2100ED5D11 /* SPCircularBuffer.m */; };
		60A99FDC143F3A2100ED5D11 /* SPPlaybackManager.m in Sources */ = {isa = PBXBuildFile; fileRef = 60A99FDA143F3A2100ED5D11 /* SPPlaybackManager.m */; };
		60B1FC1B1434BE530039206C /* UIKit.framework in Frameworks */ = {isa = PBXBuildFile; fileRef = 60B1FC1A1434BE530039206C /* UIKit.framework */; };
		60B1FC1D1434BE530039206C /* Foundation.framework in Frameworks */ = {isa = PBXBuildFile; fileRef = 60B1FC1C1434BE530039206C /* Foundation.framework */; };
		60B1FC1F1434BE530039206C /* CoreGraphics.framework in Frameworks */ = {isa = PBXBuildFile; fileRef = 60B1FC1E1434BE530039206C /* CoreGraphics.framework */; };
		60B1FC251434BE530039206C /* InfoPlist.strings in Resources */ = {isa = PBXBuildFile; fileRef = 60B1FC231434BE530039206C /* InfoPlist.strings */; };
		60B1FC271434BE530039206C /* main.m in Sources */ = {isa = PBXBuildFile; fileRef = 60B1FC261434BE530039206C /* main.m */; };
		60B1FC2B1434BE530039206C /* MixtapeAppDelegate.m in Sources */ = {isa = PBXBuildFile; fileRef = 60B1FC2A1434BE530039206C /* MixtapeAppDelegate.m */; };
		60B1FC2E1434BE530039206C /* MainViewController.m in Sources */ = {isa = PBXBuildFile; fileRef = 60B1FC2D1434BE530039206C /* MainViewController.m */; };
		60B1FC311434BE530039206C /* FlipsideViewController.m in Sources */ = {isa = PBXBuildFile; fileRef = 60B1FC301434BE530039206C /* FlipsideViewController.m */; };
		60B1FC341434BE530039206C /* MainViewController_iPhone.xib in Resources */ = {isa = PBXBuildFile; fileRef = 60B1FC321434BE530039206C /* MainViewController_iPhone.xib */; };
		60B1FC371434BE530039206C /* MainViewController_iPad.xib in Resources */ = {isa = PBXBuildFile; fileRef = 60B1FC351434BE530039206C /* MainViewController_iPad.xib */; };
		60B1FC3A1434BE530039206C /* FlipsideViewController.xib in Resources */ = {isa = PBXBuildFile; fileRef = 60B1FC381434BE530039206C /* FlipsideViewController.xib */; };
		60B1FC7F1434C0340039206C /* SystemConfiguration.framework in Frameworks */ = {isa = PBXBuildFile; fileRef = 60B1FC7E1434C0330039206C /* SystemConfiguration.framework */; };
		60B1FC811434C0B50039206C /* CFNetwork.framework in Frameworks */ = {isa = PBXBuildFile; fileRef = 60B1FC801434C0B50039206C /* CFNetwork.framework */; };
		60E39AD3147890C900F848B7 /* SPTrack+Debug.m in Sources */ = {isa = PBXBuildFile; fileRef = 60E39AD2147890C900F848B7 /* SPTrack+Debug.m */; };
		60E600C3143790F00096BBB4 /* LayoutController.m in Sources */ = {isa = PBXBuildFile; fileRef = 60E600C2143790F00096BBB4 /* LayoutController.m */; };
		60F8C43F147864DE00DD8D8C /* Settings.bundle in Resources */ = {isa = PBXBuildFile; fileRef = 60F8C43E147864DD00DD8D8C /* Settings.bundle */; };
/* End PBXBuildFile section */

/* Begin PBXContainerItemProxy section */
		601FFEE71463F0EC00450B52 /* PBXContainerItemProxy */ = {
			isa = PBXContainerItemProxy;
			containerPortal = 60A99FCD143F395D00ED5D11 /* CocoaLibSpotify iOS Library.xcodeproj */;
			proxyType = 1;
			remoteGlobalIDString = 50AF49DB1439CBFE00E4A5EF;
			remoteInfo = CocoaLibSpotify;
		};
		60A99FD4143F395D00ED5D11 /* PBXContainerItemProxy */ = {
			isa = PBXContainerItemProxy;
			containerPortal = 60A99FCD143F395D00ED5D11 /* CocoaLibSpotify iOS Library.xcodeproj */;
			proxyType = 2;
			remoteGlobalIDString = 50AF49DC1439CBFE00E4A5EF;
			remoteInfo = CocoaLibSpotify;
		};
/* End PBXContainerItemProxy section */

/* Begin PBXFileReference section */
		601088581438A33B008D3D9F /* AVFoundation.framework */ = {isa = PBXFileReference; lastKnownFileType = wrapper.framework; name = AVFoundation.framework; path = System/Library/Frameworks/AVFoundation.framework; sourceTree = SDKROOT; };
		6010885F1438A722008D3D9F /* AudioController.h */ = {isa = PBXFileReference; fileEncoding = 4; lastKnownFileType = sourcecode.c.h; path = AudioController.h; sourceTree = "<group>"; };
		601088601438A722008D3D9F /* AudioController.m */ = {isa = PBXFileReference; fileEncoding = 4; lastKnownFileType = sourcecode.c.objc; path = AudioController.m; sourceTree = "<group>"; };
		601088691438B6D7008D3D9F /* AudioToolbox.framework */ = {isa = PBXFileReference; lastKnownFileType = wrapper.framework; name = AudioToolbox.framework; path = System/Library/Frameworks/AudioToolbox.framework; sourceTree = SDKROOT; };
		6010886B1438E529008D3D9F /* SettingsExample.h */ = {isa = PBXFileReference; fileEncoding = 4; lastKnownFileType = sourcecode.c.h; path = SettingsExample.h; sourceTree = "<group>"; };
		60257AF214775F7800E3A53F /* FolderChooserViewController.h */ = {isa = PBXFileReference; fileEncoding = 4; lastKnownFileType = sourcecode.c.h; name = FolderChooserViewController.h; path = ViewControllers/FolderChooserViewController.h; sourceTree = "<group>"; };
		60257AF314775F7800E3A53F /* FolderChooserViewController.m */ = {isa = PBXFileReference; fileEncoding = 4; lastKnownFileType = sourcecode.c.objc; name = FolderChooserViewController.m; path = ViewControllers/FolderChooserViewController.m; sourceTree = "<group>"; };
		60257AF414775F7800E3A53F /* FolderChooserViewController.xib */ = {isa = PBXFileReference; fileEncoding = 4; lastKnownFileType = file.xib; name = FolderChooserViewController.xib; path = ViewControllers/FolderChooserViewController.xib; sourceTree = "<group>"; };
		6028CF68148107670033B680 /* AlbumRef.h */ = {isa = PBXFileReference; fileEncoding = 4; lastKnownFileType = sourcecode.c.h; name = AlbumRef.h; path = models/AlbumRef.h; sourceTree = "<group>"; };
		6028CF69148107670033B680 /* AlbumRef.m */ = {isa = PBXFileReference; fileEncoding = 4; lastKnownFileType = sourcecode.c.objc; name = AlbumRef.m; path = models/AlbumRef.m; sourceTree = "<group>"; };
		6028CF6B14810B1A0033B680 /* PlaylistPostionGenerator.h */ = {isa = PBXFileReference; fileEncoding = 4; lastKnownFileType = sourcecode.c.h; path = PlaylistPostionGenerator.h; sourceTree = "<group>"; };
		6028CF6C14810B1A0033B680 /* PlaylistPostionGenerator.m */ = {isa = PBXFileReference; fileEncoding = 4; lastKnownFileType = sourcecode.c.objc; path = PlaylistPostionGenerator.m; sourceTree = "<group>"; };
		602D4C141458834300CB8CF7 /* mixtapes114.png */ = {isa = PBXFileReference; lastKnownFileType = image.png; name = mixtapes114.png; path = ../../mixtapes114.png; sourceTree = "<group>"; };
		602D4C161458836200CB8CF7 /* mixtapes57.png */ = {isa = PBXFileReference; lastKnownFileType = image.png; name = mixtapes57.png; path = ../../mixtapes57.png; sourceTree = "<group>"; };
		6051C0C31439EF8200BD8CBA /* play.png */ = {isa = PBXFileReference; lastKnownFileType = image.png; name = play.png; path = ../play.png; sourceTree = "<group>"; };
		606761BE147D655B00623485 /* IDEAS */ = {isa = PBXFileReference; fileEncoding = 4; lastKnownFileType = text; path = IDEAS; sourceTree = "<group>"; };
		606E99D51476936900DB1646 /* Constants.h */ = {isa = PBXFileReference; fileEncoding = 4; lastKnownFileType = sourcecode.c.h; name = Constants.h; path = Constants/Constants.h; sourceTree = "<group>"; };
		606E99D61476936900DB1646 /* Constants.m */ = {isa = PBXFileReference; fileEncoding = 4; lastKnownFileType = sourcecode.c.objc; name = Constants.m; path = Constants/Constants.m; sourceTree = "<group>"; };
		606E9A0C14774D7E00DB1646 /* LoginViewController.h */ = {isa = PBXFileReference; fileEncoding = 4; lastKnownFileType = sourcecode.c.h; name = LoginViewController.h; path = ViewControllers/LoginViewController.h; sourceTree = "<group>"; };
		606E9A0D14774D7E00DB1646 /* LoginViewController.m */ = {isa = PBXFileReference; fileEncoding = 4; lastKnownFileType = sourcecode.c.objc; name = LoginViewController.m; path = ViewControllers/LoginViewController.m; sourceTree = "<group>"; };
		606E9A0E14774D7E00DB1646 /* LoginViewController.xib */ = {isa = PBXFileReference; fileEncoding = 4; lastKnownFileType = file.xib; name = LoginViewController.xib; path = ViewControllers/LoginViewController.xib; sourceTree = "<group>"; };
		606E9A1214774EA500DB1646 /* loginview.png */ = {isa = PBXFileReference; lastKnownFileType = image.png; path = loginview.png; sourceTree = "<group>"; };
		606E9A221477593D00DB1646 /* loginbg.jpg */ = {isa = PBXFileReference; lastKnownFileType = image.jpeg; path = loginbg.jpg; sourceTree = "<group>"; };
		608086991434FCDA0029BBC9 /* template.png */ = {isa = PBXFileReference; lastKnownFileType = image.png; name = template.png; path = ../template.png; sourceTree = "<group>"; };
		6080869B143504B30029BBC9 /* loadingbg.png */ = {isa = PBXFileReference; lastKnownFileType = image.png; name = loadingbg.png; path = ../loadingbg.png; sourceTree = "<group>"; };
		608086CD14352A1C0029BBC9 /* QuartzCore.framework */ = {isa = PBXFileReference; lastKnownFileType = wrapper.framework; name = QuartzCore.framework; path = System/Library/Frameworks/QuartzCore.framework; sourceTree = SDKROOT; };
		608086D414352C1F0029BBC9 /* CoreImage.framework */ = {isa = PBXFileReference; lastKnownFileType = wrapper.framework; name = CoreImage.framework; path = System/Library/Frameworks/CoreImage.framework; sourceTree = SDKROOT; };
		608086D614352C5A0029BBC9 /* ImageIO.framework */ = {isa = PBXFileReference; lastKnownFileType = wrapper.framework; name = ImageIO.framework; path = System/Library/Frameworks/ImageIO.framework; sourceTree = SDKROOT; };
		608086D814359E340029BBC9 /* PlaylistTitleLayer.h */ = {isa = PBXFileReference; fileEncoding = 4; lastKnownFileType = sourcecode.c.h; name = PlaylistTitleLayer.h; path = views/PlaylistTitleLayer.h; sourceTree = "<group>"; };
		608086D914359E350029BBC9 /* PlaylistTitleLayer.m */ = {isa = PBXFileReference; fileEncoding = 4; lastKnownFileType = sourcecode.c.objc; name = PlaylistTitleLayer.m; path = views/PlaylistTitleLayer.m; sourceTree = "<group>"; };
		608086DE1435AF1C0029BBC9 /* TrackLayer.h */ = {isa = PBXFileReference; fileEncoding = 4; lastKnownFileType = sourcecode.c.h; path = TrackLayer.h; sourceTree = "<group>"; };
		608086DF1435AF1C0029BBC9 /* TrackLayer.m */ = {isa = PBXFileReference; fileEncoding = 4; lastKnownFileType = sourcecode.c.objc; path = TrackLayer.m; sourceTree = "<group>"; };
		60947ECF1434CE36007024CD /* bg.jpg */ = {isa = PBXFileReference; lastKnownFileType = image.jpeg; name = bg.jpg; path = ../bg.jpg; sourceTree = "<group>"; };
		60947ED91434EE2B007024CD /* loading.png */ = {isa = PBXFileReference; lastKnownFileType = image.png; name = loading.png; path = ../loading.png; sourceTree = "<group>"; };
		60A19588143C750700EB89C9 /* pause.png */ = {isa = PBXFileReference; lastKnownFileType = image.png; name = pause.png; path = ../pause.png; sourceTree = "<group>"; };
		60A1958D143C977700EB89C9 /* bg2.jpg */ = {isa = PBXFileReference; lastKnownFileType = image.jpeg; name = bg2.jpg; path = ../bg2.jpg; sourceTree = "<group>"; };
		60A99FCD143F395D00ED5D11 /* CocoaLibSpotify iOS Library.xcodeproj */ = {isa = PBXFileReference; lastKnownFileType = "wrapper.pb-project"; name = "CocoaLibSpotify iOS Library.xcodeproj"; path = "vendor/cocoalibspotify/iOS Library/CocoaLibSpotify iOS Library.xcodeproj"; sourceTree = "<group>"; };
		60A99FD7143F3A2100ED5D11 /* SPCircularBuffer.h */ = {isa = PBXFileReference; fileEncoding = 4; lastKnownFileType = sourcecode.c.h; name = SPCircularBuffer.h; path = "cocoalibspotify/Playback Helper Classes/SPCircularBuffer.h"; sourceTree = "<group>"; };
		60A99FD8143F3A2100ED5D11 /* SPCircularBuffer.m */ = {isa = PBXFileReference; fileEncoding = 4; lastKnownFileType = sourcecode.c.objc; name = SPCircularBuffer.m; path = "cocoalibspotify/Playback Helper Classes/SPCircularBuffer.m"; sourceTree = "<group>"; };
		60A99FD9143F3A2100ED5D11 /* SPPlaybackManager.h */ = {isa = PBXFileReference; fileEncoding = 4; lastKnownFileType = sourcecode.c.h; name = SPPlaybackManager.h; path = "cocoalibspotify/Playback Helper Classes/SPPlaybackManager.h"; sourceTree = "<group>"; };
		60A99FDA143F3A2100ED5D11 /* SPPlaybackManager.m */ = {isa = PBXFileReference; fileEncoding = 4; lastKnownFileType = sourcecode.c.objc; name = SPPlaybackManager.m; path = "cocoalibspotify/Playback Helper Classes/SPPlaybackManager.m"; sourceTree = "<group>"; };
		60B1FC161434BE530039206C /* Mixtape.app */ = {isa = PBXFileReference; explicitFileType = wrapper.application; includeInIndex = 0; path = Mixtape.app; sourceTree = BUILT_PRODUCTS_DIR; };
		60B1FC1A1434BE530039206C /* UIKit.framework */ = {isa = PBXFileReference; lastKnownFileType = wrapper.framework; name = UIKit.framework; path = System/Library/Frameworks/UIKit.framework; sourceTree = SDKROOT; };
		60B1FC1C1434BE530039206C /* Foundation.framework */ = {isa = PBXFileReference; lastKnownFileType = wrapper.framework; name = Foundation.framework; path = System/Library/Frameworks/Foundation.framework; sourceTree = SDKROOT; };
		60B1FC1E1434BE530039206C /* CoreGraphics.framework */ = {isa = PBXFileReference; lastKnownFileType = wrapper.framework; name = CoreGraphics.framework; path = System/Library/Frameworks/CoreGraphics.framework; sourceTree = SDKROOT; };
		60B1FC221434BE530039206C /* Mixtape-Info.plist */ = {isa = PBXFileReference; lastKnownFileType = text.plist.xml; path = "Mixtape-Info.plist"; sourceTree = "<group>"; };
		60B1FC241434BE530039206C /* en */ = {isa = PBXFileReference; lastKnownFileType = text.plist.strings; name = en; path = en.lproj/InfoPlist.strings; sourceTree = "<group>"; };
		60B1FC261434BE530039206C /* main.m */ = {isa = PBXFileReference; lastKnownFileType = sourcecode.c.objc; path = main.m; sourceTree = "<group>"; };
		60B1FC281434BE530039206C /* Mixtape-Prefix.pch */ = {isa = PBXFileReference; lastKnownFileType = sourcecode.c.h; path = "Mixtape-Prefix.pch"; sourceTree = "<group>"; };
		60B1FC291434BE530039206C /* MixtapeAppDelegate.h */ = {isa = PBXFileReference; lastKnownFileType = sourcecode.c.h; path = MixtapeAppDelegate.h; sourceTree = "<group>"; };
		60B1FC2A1434BE530039206C /* MixtapeAppDelegate.m */ = {isa = PBXFileReference; lastKnownFileType = sourcecode.c.objc; path = MixtapeAppDelegate.m; sourceTree = "<group>"; };
		60B1FC2C1434BE530039206C /* MainViewController.h */ = {isa = PBXFileReference; lastKnownFileType = sourcecode.c.h; path = MainViewController.h; sourceTree = "<group>"; };
		60B1FC2D1434BE530039206C /* MainViewController.m */ = {isa = PBXFileReference; lastKnownFileType = sourcecode.c.objc; path = MainViewController.m; sourceTree = "<group>"; };
		60B1FC2F1434BE530039206C /* FlipsideViewController.h */ = {isa = PBXFileReference; lastKnownFileType = sourcecode.c.h; path = FlipsideViewController.h; sourceTree = "<group>"; };
		60B1FC301434BE530039206C /* FlipsideViewController.m */ = {isa = PBXFileReference; lastKnownFileType = sourcecode.c.objc; path = FlipsideViewController.m; sourceTree = "<group>"; };
		60B1FC331434BE530039206C /* en */ = {isa = PBXFileReference; lastKnownFileType = file.xib; name = en; path = en.lproj/MainViewController_iPhone.xib; sourceTree = "<group>"; };
		60B1FC361434BE530039206C /* en */ = {isa = PBXFileReference; lastKnownFileType = file.xib; name = en; path = en.lproj/MainViewController_iPad.xib; sourceTree = "<group>"; };
		60B1FC391434BE530039206C /* en */ = {isa = PBXFileReference; lastKnownFileType = file.xib; name = en; path = en.lproj/FlipsideViewController.xib; sourceTree = "<group>"; };
		60B1FC7E1434C0330039206C /* SystemConfiguration.framework */ = {isa = PBXFileReference; lastKnownFileType = wrapper.framework; name = SystemConfiguration.framework; path = System/Library/Frameworks/SystemConfiguration.framework; sourceTree = SDKROOT; };
		60B1FC801434C0B50039206C /* CFNetwork.framework */ = {isa = PBXFileReference; lastKnownFileType = wrapper.framework; name = CFNetwork.framework; path = System/Library/Frameworks/CFNetwork.framework; sourceTree = SDKROOT; };
		60DD0ABD143892B7006C1934 /* Settings.h */ = {isa = PBXFileReference; fileEncoding = 4; lastKnownFileType = sourcecode.c.h; path = Settings.h; sourceTree = "<group>"; };
		60E39AD1147890C900F848B7 /* SPTrack+Debug.h */ = {isa = PBXFileReference; fileEncoding = 4; lastKnownFileType = sourcecode.c.h; path = "SPTrack+Debug.h"; sourceTree = "<group>"; };
		60E39AD2147890C900F848B7 /* SPTrack+Debug.m */ = {isa = PBXFileReference; fileEncoding = 4; lastKnownFileType = sourcecode.c.objc; path = "SPTrack+Debug.m"; sourceTree = "<group>"; };
		60E600C1143790F00096BBB4 /* LayoutController.h */ = {isa = PBXFileReference; fileEncoding = 4; lastKnownFileType = sourcecode.c.h; path = LayoutController.h; sourceTree = "<group>"; };
		60E600C2143790F00096BBB4 /* LayoutController.m */ = {isa = PBXFileReference; fileEncoding = 4; lastKnownFileType = sourcecode.c.objc; path = LayoutController.m; sourceTree = "<group>"; };
		60F8C43E147864DD00DD8D8C /* Settings.bundle */ = {isa = PBXFileReference; lastKnownFileType = "wrapper.plug-in"; name = Settings.bundle; path = Resources/Settings.bundle; sourceTree = "<group>"; };
/* End PBXFileReference section */

/* Begin PBXFrameworksBuildPhase section */
		60B1FC131434BE530039206C /* Frameworks */ = {
			isa = PBXFrameworksBuildPhase;
			buildActionMask = 2147483647;
			files = (
				60A99FD6143F398E00ED5D11 /* libCocoaLibSpotify.a in Frameworks */,
				6010886A1438B6D8008D3D9F /* AudioToolbox.framework in Frameworks */,
				601088591438A33B008D3D9F /* AVFoundation.framework in Frameworks */,
				608086D714352C5A0029BBC9 /* ImageIO.framework in Frameworks */,
				608086CE14352A1C0029BBC9 /* QuartzCore.framework in Frameworks */,
				60B1FC811434C0B50039206C /* CFNetwork.framework in Frameworks */,
				60B1FC7F1434C0340039206C /* SystemConfiguration.framework in Frameworks */,
				60B1FC1B1434BE530039206C /* UIKit.framework in Frameworks */,
				60B1FC1D1434BE530039206C /* Foundation.framework in Frameworks */,
				60B1FC1F1434BE530039206C /* CoreGraphics.framework in Frameworks */,
			);
			runOnlyForDeploymentPostprocessing = 0;
		};
/* End PBXFrameworksBuildPhase section */

/* Begin PBXGroup section */
		601088621438A84F008D3D9F /* Spotify Audio */ = {
			isa = PBXGroup;
			children = (
				60A99FD7143F3A2100ED5D11 /* SPCircularBuffer.h */,
				60A99FD8143F3A2100ED5D11 /* SPCircularBuffer.m */,
				60A99FD9143F3A2100ED5D11 /* SPPlaybackManager.h */,
				60A99FDA143F3A2100ED5D11 /* SPPlaybackManager.m */,
			);
			name = "Spotify Audio";
			path = ../vendor;
			sourceTree = "<group>";
		};
		606E99D81476937200DB1646 /* Util */ = {
			isa = PBXGroup;
			children = (
				606E99D51476936900DB1646 /* Constants.h */,
				606E99D61476936900DB1646 /* Constants.m */,
			);
			name = Util;
			sourceTree = "<group>";
		};
		606E9A1114774E8C00DB1646 /* Assets */ = {
			isa = PBXGroup;
			children = (
				602D4C161458836200CB8CF7 /* mixtapes57.png */,
				602D4C141458834300CB8CF7 /* mixtapes114.png */,
				60A1958D143C977700EB89C9 /* bg2.jpg */,
				60A19588143C750700EB89C9 /* pause.png */,
				6051C0C31439EF8200BD8CBA /* play.png */,
				6080869B143504B30029BBC9 /* loadingbg.png */,
				608086991434FCDA0029BBC9 /* template.png */,
				60947ED91434EE2B007024CD /* loading.png */,
				60947ECF1434CE36007024CD /* bg.jpg */,
				606E9A221477593D00DB1646 /* loginbg.jpg */,
				606E9A1214774EA500DB1646 /* loginview.png */,
			);
			name = Assets;
			path = Resources;
			sourceTree = "<group>";
		};
		608086DB14359E750029BBC9 /* Views */ = {
			isa = PBXGroup;
			children = (
				608086D814359E340029BBC9 /* PlaylistTitleLayer.h */,
				608086D914359E350029BBC9 /* PlaylistTitleLayer.m */,
				608086DE1435AF1C0029BBC9 /* TrackLayer.h */,
				608086DF1435AF1C0029BBC9 /* TrackLayer.m */,
			);
			name = Views;
			sourceTree = "<group>";
		};
		608086DC14359E7B0029BBC9 /* Controllers */ = {
			isa = PBXGroup;
			children = (
				60B1FC291434BE530039206C /* MixtapeAppDelegate.h */,
				60B1FC2A1434BE530039206C /* MixtapeAppDelegate.m */,
				60B1FC2C1434BE530039206C /* MainViewController.h */,
				60B1FC2D1434BE530039206C /* MainViewController.m */,
				60B1FC2F1434BE530039206C /* FlipsideViewController.h */,
				60B1FC301434BE530039206C /* FlipsideViewController.m */,
				60E600C1143790F00096BBB4 /* LayoutController.h */,
				60E600C2143790F00096BBB4 /* LayoutController.m */,
				6010885F1438A722008D3D9F /* AudioController.h */,
				601088601438A722008D3D9F /* AudioController.m */,
				606E9A0C14774D7E00DB1646 /* LoginViewController.h */,
				606E9A0D14774D7E00DB1646 /* LoginViewController.m */,
				606E9A0E14774D7E00DB1646 /* LoginViewController.xib */,
				60257AF214775F7800E3A53F /* FolderChooserViewController.h */,
				60257AF314775F7800E3A53F /* FolderChooserViewController.m */,
				60257AF414775F7800E3A53F /* FolderChooserViewController.xib */,
				6028CF68148107670033B680 /* AlbumRef.h */,
				6028CF69148107670033B680 /* AlbumRef.m */,
				6028CF6B14810B1A0033B680 /* PlaylistPostionGenerator.h */,
				6028CF6C14810B1A0033B680 /* PlaylistPostionGenerator.m */,
			);
			name = Controllers;
			sourceTree = "<group>";
		};
		608086DD14359E860029BBC9 /* Nibs */ = {
			isa = PBXGroup;
			children = (
				60B1FC321434BE530039206C /* MainViewController_iPhone.xib */,
				60B1FC351434BE530039206C /* MainViewController_iPad.xib */,
				60B1FC381434BE530039206C /* FlipsideViewController.xib */,
			);
			name = Nibs;
			sourceTree = "<group>";
		};
		60A99FCE143F395D00ED5D11 /* Products */ = {
			isa = PBXGroup;
			children = (
				60A99FD5143F395D00ED5D11 /* libCocoaLibSpotify.a */,
			);
			name = Products;
			sourceTree = "<group>";
		};
		60B1FC0B1434BE520039206C = {
			isa = PBXGroup;
			children = (
				60B1FC201434BE530039206C /* Mixtape */,
				60B1FC191434BE530039206C /* Frameworks */,
				60B1FC171434BE530039206C /* Products */,
			);
			sourceTree = "<group>";
		};
		60B1FC171434BE530039206C /* Products */ = {
			isa = PBXGroup;
			children = (
				60B1FC161434BE530039206C /* Mixtape.app */,
			);
			name = Products;
			sourceTree = "<group>";
		};
		60B1FC191434BE530039206C /* Frameworks */ = {
			isa = PBXGroup;
			children = (
				60A99FCD143F395D00ED5D11 /* CocoaLibSpotify iOS Library.xcodeproj */,
				60B1FC801434C0B50039206C /* CFNetwork.framework */,
				601088691438B6D7008D3D9F /* AudioToolbox.framework */,
				608086CD14352A1C0029BBC9 /* QuartzCore.framework */,
				601088581438A33B008D3D9F /* AVFoundation.framework */,
				60B1FC7E1434C0330039206C /* SystemConfiguration.framework */,
				60B1FC1A1434BE530039206C /* UIKit.framework */,
				60B1FC1C1434BE530039206C /* Foundation.framework */,
				60B1FC1E1434BE530039206C /* CoreGraphics.framework */,
				608086D614352C5A0029BBC9 /* ImageIO.framework */,
				608086D414352C1F0029BBC9 /* CoreImage.framework */,
			);
			name = Frameworks;
			sourceTree = "<group>";
		};
		60B1FC201434BE530039206C /* Mixtape */ = {
			isa = PBXGroup;
			children = (
				60E39AD0147890A700F848B7 /* Categories */,
				60DD0ABD143892B7006C1934 /* Settings.h */,
				6010886B1438E529008D3D9F /* SettingsExample.h */,
				606E9A1114774E8C00DB1646 /* Assets */,
				608086DC14359E7B0029BBC9 /* Controllers */,
				608086DB14359E750029BBC9 /* Views */,
				608086DD14359E860029BBC9 /* Nibs */,
				601088621438A84F008D3D9F /* Spotify Audio */,
				606E99D81476937200DB1646 /* Util */,
				60B1FC211434BE530039206C /* Supporting Files */,
				60F8C43E147864DD00DD8D8C /* Settings.bundle */,
				606761BE147D655B00623485 /* IDEAS */,
			);
			path = Mixtape;
			sourceTree = "<group>";
		};
		60B1FC211434BE530039206C /* Supporting Files */ = {
			isa = PBXGroup;
			children = (
				60B1FC221434BE530039206C /* Mixtape-Info.plist */,
				60B1FC231434BE530039206C /* InfoPlist.strings */,
				60B1FC261434BE530039206C /* main.m */,
				60B1FC281434BE530039206C /* Mixtape-Prefix.pch */,
			);
			name = "Supporting Files";
			sourceTree = "<group>";
		};
		60E39AD0147890A700F848B7 /* Categories */ = {
			isa = PBXGroup;
			children = (
				60E39AD1147890C900F848B7 /* SPTrack+Debug.h */,
				60E39AD2147890C900F848B7 /* SPTrack+Debug.m */,
			);
			path = Categories;
			sourceTree = "<group>";
		};
/* End PBXGroup section */

/* Begin PBXNativeTarget section */
		60B1FC151434BE530039206C /* Mixtape */ = {
			isa = PBXNativeTarget;
			buildConfigurationList = 60B1FC3D1434BE530039206C /* Build configuration list for PBXNativeTarget "Mixtape" */;
			buildPhases = (
				60B1FC121434BE530039206C /* Sources */,
				60B1FC131434BE530039206C /* Frameworks */,
				60B1FC141434BE530039206C /* Resources */,
			);
			buildRules = (
			);
			dependencies = (
				601FFEE81463F0EC00450B52 /* PBXTargetDependency */,
			);
			name = Mixtape;
			productName = Mixtape;
			productReference = 60B1FC161434BE530039206C /* Mixtape.app */;
			productType = "com.apple.product-type.application";
		};
/* End PBXNativeTarget section */

/* Begin PBXProject section */
		60B1FC0D1434BE520039206C /* Project object */ = {
			isa = PBXProject;
			attributes = {
				LastUpgradeCheck = 0420;
				ORGANIZATIONNAME = "http://ortatherox.com";
			};
			buildConfigurationList = 60B1FC101434BE520039206C /* Build configuration list for PBXProject "Mixtape" */;
			compatibilityVersion = "Xcode 3.2";
			developmentRegion = English;
			hasScannedForEncodings = 0;
			knownRegions = (
				en,
			);
			mainGroup = 60B1FC0B1434BE520039206C;
			productRefGroup = 60B1FC171434BE530039206C /* Products */;
			projectDirPath = "";
			projectReferences = (
				{
					ProductGroup = 60A99FCE143F395D00ED5D11 /* Products */;
					ProjectRef = 60A99FCD143F395D00ED5D11 /* CocoaLibSpotify iOS Library.xcodeproj */;
				},
			);
			projectRoot = "";
			targets = (
				60B1FC151434BE530039206C /* Mixtape */,
			);
		};
/* End PBXProject section */

/* Begin PBXReferenceProxy section */
		60A99FD5143F395D00ED5D11 /* libCocoaLibSpotify.a */ = {
			isa = PBXReferenceProxy;
			fileType = archive.ar;
			path = libCocoaLibSpotify.a;
			remoteRef = 60A99FD4143F395D00ED5D11 /* PBXContainerItemProxy */;
			sourceTree = BUILT_PRODUCTS_DIR;
		};
/* End PBXReferenceProxy section */

/* Begin PBXResourcesBuildPhase section */
		60B1FC141434BE530039206C /* Resources */ = {
			isa = PBXResourcesBuildPhase;
			buildActionMask = 2147483647;
			files = (
				60B1FC251434BE530039206C /* InfoPlist.strings in Resources */,
				60B1FC341434BE530039206C /* MainViewController_iPhone.xib in Resources */,
				60B1FC371434BE530039206C /* MainViewController_iPad.xib in Resources */,
				60B1FC3A1434BE530039206C /* FlipsideViewController.xib in Resources */,
				60947ED01434CE36007024CD /* bg.jpg in Resources */,
				60947EDA1434EE2B007024CD /* loading.png in Resources */,
				6080869A1434FCDA0029BBC9 /* template.png in Resources */,
				6080869C143504B30029BBC9 /* loadingbg.png in Resources */,
				6051C0C41439EF8200BD8CBA /* play.png in Resources */,
				60A19589143C750700EB89C9 /* pause.png in Resources */,
				60A1958E143C977700EB89C9 /* bg2.jpg in Resources */,
				602D4C151458834300CB8CF7 /* mixtapes114.png in Resources */,
				602D4C171458836200CB8CF7 /* mixtapes57.png in Resources */,
				606E9A1014774D7E00DB1646 /* LoginViewController.xib in Resources */,
				606E9A1314774EA500DB1646 /* loginview.png in Resources */,
				606E9A231477593D00DB1646 /* loginbg.jpg in Resources */,
				60257AF614775F7800E3A53F /* FolderChooserViewController.xib in Resources */,
				60F8C43F147864DE00DD8D8C /* Settings.bundle in Resources */,
				606761BF147D655B00623485 /* IDEAS in Resources */,
			);
			runOnlyForDeploymentPostprocessing = 0;
		};
/* End PBXResourcesBuildPhase section */

/* Begin PBXSourcesBuildPhase section */
		60B1FC121434BE530039206C /* Sources */ = {
			isa = PBXSourcesBuildPhase;
			buildActionMask = 2147483647;
			files = (
				60B1FC271434BE530039206C /* main.m in Sources */,
				60B1FC2B1434BE530039206C /* MixtapeAppDelegate.m in Sources */,
				60B1FC2E1434BE530039206C /* MainViewController.m in Sources */,
				60B1FC311434BE530039206C /* FlipsideViewController.m in Sources */,
				608086DA14359E350029BBC9 /* PlaylistTitleLayer.m in Sources */,
				608086E01435AF1C0029BBC9 /* TrackLayer.m in Sources */,
				60E600C3143790F00096BBB4 /* LayoutController.m in Sources */,
				601088611438A722008D3D9F /* AudioController.m in Sources */,
				60A99FDB143F3A2100ED5D11 /* SPCircularBuffer.m in Sources */,
				60A99FDC143F3A2100ED5D11 /* SPPlaybackManager.m in Sources */,
				606E99D71476936900DB1646 /* Constants.m in Sources */,
				606E9A0F14774D7E00DB1646 /* LoginViewController.m in Sources */,
				60257AF514775F7800E3A53F /* FolderChooserViewController.m in Sources */,
				60E39AD3147890C900F848B7 /* SPTrack+Debug.m in Sources */,
				6028CF6A148107670033B680 /* AlbumRef.m in Sources */,
				6028CF6D14810B1A0033B680 /* PlaylistPostionGenerator.m in Sources */,
			);
			runOnlyForDeploymentPostprocessing = 0;
		};
/* End PBXSourcesBuildPhase section */

/* Begin PBXTargetDependency section */
		601FFEE81463F0EC00450B52 /* PBXTargetDependency */ = {
			isa = PBXTargetDependency;
			name = CocoaLibSpotify;
			targetProxy = 601FFEE71463F0EC00450B52 /* PBXContainerItemProxy */;
		};
/* End PBXTargetDependency section */

/* Begin PBXVariantGroup section */
		60B1FC231434BE530039206C /* InfoPlist.strings */ = {
			isa = PBXVariantGroup;
			children = (
				60B1FC241434BE530039206C /* en */,
			);
			name = InfoPlist.strings;
			sourceTree = "<group>";
		};
		60B1FC321434BE530039206C /* MainViewController_iPhone.xib */ = {
			isa = PBXVariantGroup;
			children = (
				60B1FC331434BE530039206C /* en */,
			);
			name = MainViewController_iPhone.xib;
			sourceTree = "<group>";
		};
		60B1FC351434BE530039206C /* MainViewController_iPad.xib */ = {
			isa = PBXVariantGroup;
			children = (
				60B1FC361434BE530039206C /* en */,
			);
			name = MainViewController_iPad.xib;
			sourceTree = "<group>";
		};
		60B1FC381434BE530039206C /* FlipsideViewController.xib */ = {
			isa = PBXVariantGroup;
			children = (
				60B1FC391434BE530039206C /* en */,
			);
			name = FlipsideViewController.xib;
			sourceTree = "<group>";
		};
/* End PBXVariantGroup section */

/* Begin XCBuildConfiguration section */
		60B1FC3B1434BE530039206C /* Debug */ = {
			isa = XCBuildConfiguration;
			buildSettings = {
				ALWAYS_SEARCH_USER_PATHS = NO;
				ARCHS = armv6;
				CLANG_ENABLE_OBJC_ARC = NO;
				"CODE_SIGN_IDENTITY[sdk=iphoneos*]" = "iPhone Developer";
				COPY_PHASE_STRIP = NO;
				GCC_C_LANGUAGE_STANDARD = gnu99;
				GCC_DYNAMIC_NO_PIC = NO;
				GCC_OPTIMIZATION_LEVEL = 0;
				GCC_PREPROCESSOR_DEFINITIONS = (
					"DEBUG=1",
					"$(inherited)",
				);
				GCC_SYMBOLS_PRIVATE_EXTERN = NO;
				GCC_VERSION = com.apple.compilers.llvm.clang.1_0;
				GCC_WARN_ABOUT_MISSING_PROTOTYPES = YES;
				GCC_WARN_ABOUT_RETURN_TYPE = YES;
				GCC_WARN_UNUSED_VARIABLE = YES;
				IPHONEOS_DEPLOYMENT_TARGET = 4.3;
				OTHER_LDFLAGS = "-lstdc++";
				SDKROOT = iphoneos;
				TARGETED_DEVICE_FAMILY = "1,2";
			};
			name = Debug;
		};
		60B1FC3C1434BE530039206C /* Release */ = {
			isa = XCBuildConfiguration;
			buildSettings = {
				ALWAYS_SEARCH_USER_PATHS = NO;
				ARCHS = armv6;
				CLANG_ENABLE_OBJC_ARC = NO;
				"CODE_SIGN_IDENTITY[sdk=iphoneos*]" = "iPhone Developer";
				COPY_PHASE_STRIP = YES;
				GCC_C_LANGUAGE_STANDARD = gnu99;
				GCC_VERSION = com.apple.compilers.llvm.clang.1_0;
				GCC_WARN_ABOUT_MISSING_PROTOTYPES = YES;
				GCC_WARN_ABOUT_RETURN_TYPE = YES;
				GCC_WARN_UNUSED_VARIABLE = YES;
				IPHONEOS_DEPLOYMENT_TARGET = 4.3;
				OTHER_CFLAGS = "-DNS_BLOCK_ASSERTIONS=1";
				OTHER_LDFLAGS = "-lstdc++";
				SDKROOT = iphoneos;
				TARGETED_DEVICE_FAMILY = "1,2";
				VALIDATE_PRODUCT = YES;
			};
			name = Release;
		};
		60B1FC3E1434BE530039206C /* Debug */ = {
			isa = XCBuildConfiguration;
			buildSettings = {
				ARCHS = "$(ARCHS_STANDARD_32_BIT)";
				GCC_PRECOMPILE_PREFIX_HEADER = YES;
				GCC_PREFIX_HEADER = "Mixtape/Mixtape-Prefix.pch";
				GCC_VERSION = com.apple.compilers.llvm.clang.1_0;
				HEADER_SEARCH_PATHS = "$(SRCROOT)/vendor/**";
				INFOPLIST_FILE = "Mixtape/Mixtape-Info.plist";
				IPHONEOS_DEPLOYMENT_TARGET = 4.3;
				LIBRARY_SEARCH_PATHS = (
					"$(inherited)",
					"\"$(SRCROOT)/vendor/spotify\"/**",
				);
				OTHER_LDFLAGS = (
					"-ObjC",
					"-lstdc++",
				);
				PRODUCT_NAME = "$(TARGET_NAME)";
				VALID_ARCHS = "i386 armv7 armv7f armv7k";
				WRAPPER_EXTENSION = app;
			};
			name = Debug;
		};
		60B1FC3F1434BE530039206C /* Release */ = {
			isa = XCBuildConfiguration;
			buildSettings = {
				ARCHS = "$(ARCHS_STANDARD_32_BIT)";
				GCC_PRECOMPILE_PREFIX_HEADER = YES;
				GCC_PREFIX_HEADER = "Mixtape/Mixtape-Prefix.pch";
				GCC_VERSION = com.apple.compilers.llvm.clang.1_0;
				HEADER_SEARCH_PATHS = "$(SRCROOT)/vendor/**";
				INFOPLIST_FILE = "Mixtape/Mixtape-Info.plist";
				IPHONEOS_DEPLOYMENT_TARGET = 4.3;
				LIBRARY_SEARCH_PATHS = (
					"$(inherited)",
					"\"$(SRCROOT)/vendor/spotify\"/**",
				);
				OTHER_LDFLAGS = (
					"-ObjC",
					"-lstdc++",
				);
				PRODUCT_NAME = "$(TARGET_NAME)";
				VALID_ARCHS = "i386 armv7 armv7f armv7k";
				WRAPPER_EXTENSION = app;
			};
			name = Release;
		};
/* End XCBuildConfiguration section */

/* Begin XCConfigurationList section */
		60B1FC101434BE520039206C /* Build configuration list for PBXProject "Mixtape" */ = {
			isa = XCConfigurationList;
			buildConfigurations = (
				60B1FC3B1434BE530039206C /* Debug */,
				60B1FC3C1434BE530039206C /* Release */,
			);
			defaultConfigurationIsVisible = 0;
			defaultConfigurationName = Release;
		};
		60B1FC3D1434BE530039206C /* Build configuration list for PBXNativeTarget "Mixtape" */ = {
			isa = XCConfigurationList;
			buildConfigurations = (
				60B1FC3E1434BE530039206C /* Debug */,
				60B1FC3F1434BE530039206C /* Release */,
			);
			defaultConfigurationIsVisible = 0;
			defaultConfigurationName = Release;
		};
/* End XCConfigurationList section */
	};
	rootObject = 60B1FC0D1434BE520039206C /* Project object */;
}
